// !$*UTF8*$!
{
	archiveVersion = 1;
	classes = {
	};
	objectVersion = 56;
	objects = {

/* Begin PBXBuildFile section */
		51331E8B2AC02AA1006CA899 /* AppDelegate.swift in Sources */ = {isa = PBXBuildFile; fileRef = 51331E8A2AC02AA1006CA899 /* AppDelegate.swift */; };
		51331E8D2AC02AA1006CA899 /* SceneDelegate.swift in Sources */ = {isa = PBXBuildFile; fileRef = 51331E8C2AC02AA1006CA899 /* SceneDelegate.swift */; };
		51331E942AC02AA2006CA899 /* Assets.xcassets in Resources */ = {isa = PBXBuildFile; fileRef = 51331E932AC02AA2006CA899 /* Assets.xcassets */; };
		51331E972AC02AA2006CA899 /* LaunchScreen.storyboard in Resources */ = {isa = PBXBuildFile; fileRef = 51331E952AC02AA2006CA899 /* LaunchScreen.storyboard */; };
		51331EA22AC02AA2006CA899 /* SWU_MEALTests.swift in Sources */ = {isa = PBXBuildFile; fileRef = 51331EA12AC02AA2006CA899 /* SWU_MEALTests.swift */; };
		51331EAC2AC02AA2006CA899 /* SWU_MEALUITests.swift in Sources */ = {isa = PBXBuildFile; fileRef = 51331EAB2AC02AA2006CA899 /* SWU_MEALUITests.swift */; };
		51331EAE2AC02AA2006CA899 /* SWU_MEALUITestsLaunchTests.swift in Sources */ = {isa = PBXBuildFile; fileRef = 51331EAD2AC02AA2006CA899 /* SWU_MEALUITestsLaunchTests.swift */; };
		51331EBB2AC047B4006CA899 /* TodayViewController.swift in Sources */ = {isa = PBXBuildFile; fileRef = 51331EBA2AC047B4006CA899 /* TodayViewController.swift */; };
		51331EBF2AC04A68006CA899 /* TabBarController.swift in Sources */ = {isa = PBXBuildFile; fileRef = 51331EBE2AC04A68006CA899 /* TabBarController.swift */; };
		51331EC32AC04AB7006CA899 /* WeekViewController.swift in Sources */ = {isa = PBXBuildFile; fileRef = 51331EC22AC04AB7006CA899 /* WeekViewController.swift */; };
		51331EC52AC04ABF006CA899 /* MyPageViewController.swift in Sources */ = {isa = PBXBuildFile; fileRef = 51331EC42AC04ABF006CA899 /* MyPageViewController.swift */; };
		51331ECD2AC04B85006CA899 /* CustomBackButton.swift in Sources */ = {isa = PBXBuildFile; fileRef = 51331ECB2AC04B85006CA899 /* CustomBackButton.swift */; };
		51331ECE2AC04B85006CA899 /* DividerView.swift in Sources */ = {isa = PBXBuildFile; fileRef = 51331ECC2AC04B85006CA899 /* DividerView.swift */; };
		51331ED32AC04BA7006CA899 /* Extension+.swift in Sources */ = {isa = PBXBuildFile; fileRef = 51331ECF2AC04BA7006CA899 /* Extension+.swift */; };
		51331ED42AC04BA7006CA899 /* Color+.swift in Sources */ = {isa = PBXBuildFile; fileRef = 51331ED02AC04BA7006CA899 /* Color+.swift */; };
		51331EDA2AC05136006CA899 /* UhBee Se_hyun.ttf in Resources */ = {isa = PBXBuildFile; fileRef = 51331ED82AC05136006CA899 /* UhBee Se_hyun.ttf */; };
		51331EDB2AC05136006CA899 /* UhBee Se_hyun Bold.ttf in Resources */ = {isa = PBXBuildFile; fileRef = 51331ED92AC05136006CA899 /* UhBee Se_hyun Bold.ttf */; };
		51331EE02AC052BA006CA899 /* TodayTabBarController.swift in Sources */ = {isa = PBXBuildFile; fileRef = 51331EDF2AC052BA006CA899 /* TodayTabBarController.swift */; };
		51331EE32AC0633A006CA899 /* Tabman in Frameworks */ = {isa = PBXBuildFile; productRef = 51331EE22AC0633A006CA899 /* Tabman */; };
		51331EE52AC06A33006CA899 /* TodayBreakfastViewController.swift in Sources */ = {isa = PBXBuildFile; fileRef = 51331EE42AC06A33006CA899 /* TodayBreakfastViewController.swift */; };
		51331EE72AC06A76006CA899 /* TodayLunchViewController.swift in Sources */ = {isa = PBXBuildFile; fileRef = 51331EE62AC06A76006CA899 /* TodayLunchViewController.swift */; };
		51331EE92AC06A7E006CA899 /* TodayDinnerViewController.swift in Sources */ = {isa = PBXBuildFile; fileRef = 51331EE82AC06A7E006CA899 /* TodayDinnerViewController.swift */; };
		51331EEB2AC0A53B006CA899 /* TodayBreakfastTableView.swift in Sources */ = {isa = PBXBuildFile; fileRef = 51331EEA2AC0A53B006CA899 /* TodayBreakfastTableView.swift */; };
		51331EED2AC0A59D006CA899 /* TodayBreakfastTableViewCell.swift in Sources */ = {isa = PBXBuildFile; fileRef = 51331EEC2AC0A59D006CA899 /* TodayBreakfastTableViewCell.swift */; };
		51331EEF2AC0A65A006CA899 /* TodayMealModel.swift in Sources */ = {isa = PBXBuildFile; fileRef = 51331EEE2AC0A65A006CA899 /* TodayMealModel.swift */; };
/* End PBXBuildFile section */

/* Begin PBXContainerItemProxy section */
		51331E9E2AC02AA2006CA899 /* PBXContainerItemProxy */ = {
			isa = PBXContainerItemProxy;
			containerPortal = 51331E7F2AC02AA1006CA899 /* Project object */;
			proxyType = 1;
			remoteGlobalIDString = 51331E862AC02AA1006CA899;
			remoteInfo = SWU_MEAL;
		};
		51331EA82AC02AA2006CA899 /* PBXContainerItemProxy */ = {
			isa = PBXContainerItemProxy;
			containerPortal = 51331E7F2AC02AA1006CA899 /* Project object */;
			proxyType = 1;
			remoteGlobalIDString = 51331E862AC02AA1006CA899;
			remoteInfo = SWU_MEAL;
		};
/* End PBXContainerItemProxy section */

/* Begin PBXFileReference section */
		51331E872AC02AA1006CA899 /* SWU_MEAL.app */ = {isa = PBXFileReference; explicitFileType = wrapper.application; includeInIndex = 0; path = SWU_MEAL.app; sourceTree = BUILT_PRODUCTS_DIR; };
		51331E8A2AC02AA1006CA899 /* AppDelegate.swift */ = {isa = PBXFileReference; lastKnownFileType = sourcecode.swift; path = AppDelegate.swift; sourceTree = "<group>"; };
		51331E8C2AC02AA1006CA899 /* SceneDelegate.swift */ = {isa = PBXFileReference; lastKnownFileType = sourcecode.swift; path = SceneDelegate.swift; sourceTree = "<group>"; };
		51331E932AC02AA2006CA899 /* Assets.xcassets */ = {isa = PBXFileReference; lastKnownFileType = folder.assetcatalog; path = Assets.xcassets; sourceTree = "<group>"; };
		51331E962AC02AA2006CA899 /* Base */ = {isa = PBXFileReference; lastKnownFileType = file.storyboard; name = Base; path = Base.lproj/LaunchScreen.storyboard; sourceTree = "<group>"; };
		51331E982AC02AA2006CA899 /* Info.plist */ = {isa = PBXFileReference; lastKnownFileType = text.plist.xml; path = Info.plist; sourceTree = "<group>"; };
		51331E9D2AC02AA2006CA899 /* SWU_MEALTests.xctest */ = {isa = PBXFileReference; explicitFileType = wrapper.cfbundle; includeInIndex = 0; path = SWU_MEALTests.xctest; sourceTree = BUILT_PRODUCTS_DIR; };
		51331EA12AC02AA2006CA899 /* SWU_MEALTests.swift */ = {isa = PBXFileReference; lastKnownFileType = sourcecode.swift; path = SWU_MEALTests.swift; sourceTree = "<group>"; };
		51331EA72AC02AA2006CA899 /* SWU_MEALUITests.xctest */ = {isa = PBXFileReference; explicitFileType = wrapper.cfbundle; includeInIndex = 0; path = SWU_MEALUITests.xctest; sourceTree = BUILT_PRODUCTS_DIR; };
		51331EAB2AC02AA2006CA899 /* SWU_MEALUITests.swift */ = {isa = PBXFileReference; lastKnownFileType = sourcecode.swift; path = SWU_MEALUITests.swift; sourceTree = "<group>"; };
		51331EAD2AC02AA2006CA899 /* SWU_MEALUITestsLaunchTests.swift */ = {isa = PBXFileReference; lastKnownFileType = sourcecode.swift; path = SWU_MEALUITestsLaunchTests.swift; sourceTree = "<group>"; };
		51331EBA2AC047B4006CA899 /* TodayViewController.swift */ = {isa = PBXFileReference; lastKnownFileType = sourcecode.swift; path = TodayViewController.swift; sourceTree = "<group>"; };
		51331EBE2AC04A68006CA899 /* TabBarController.swift */ = {isa = PBXFileReference; lastKnownFileType = sourcecode.swift; path = TabBarController.swift; sourceTree = "<group>"; };
		51331EC22AC04AB7006CA899 /* WeekViewController.swift */ = {isa = PBXFileReference; lastKnownFileType = sourcecode.swift; path = WeekViewController.swift; sourceTree = "<group>"; };
		51331EC42AC04ABF006CA899 /* MyPageViewController.swift */ = {isa = PBXFileReference; lastKnownFileType = sourcecode.swift; path = MyPageViewController.swift; sourceTree = "<group>"; };
		51331ECB2AC04B85006CA899 /* CustomBackButton.swift */ = {isa = PBXFileReference; fileEncoding = 4; lastKnownFileType = sourcecode.swift; path = CustomBackButton.swift; sourceTree = "<group>"; };
		51331ECC2AC04B85006CA899 /* DividerView.swift */ = {isa = PBXFileReference; fileEncoding = 4; lastKnownFileType = sourcecode.swift; path = DividerView.swift; sourceTree = "<group>"; };
		51331ECF2AC04BA7006CA899 /* Extension+.swift */ = {isa = PBXFileReference; fileEncoding = 4; lastKnownFileType = sourcecode.swift; path = "Extension+.swift"; sourceTree = "<group>"; };
		51331ED02AC04BA7006CA899 /* Color+.swift */ = {isa = PBXFileReference; fileEncoding = 4; lastKnownFileType = sourcecode.swift; path = "Color+.swift"; sourceTree = "<group>"; };
		51331ED82AC05136006CA899 /* UhBee Se_hyun.ttf */ = {isa = PBXFileReference; lastKnownFileType = file; path = "UhBee Se_hyun.ttf"; sourceTree = "<group>"; };
		51331ED92AC05136006CA899 /* UhBee Se_hyun Bold.ttf */ = {isa = PBXFileReference; lastKnownFileType = file; path = "UhBee Se_hyun Bold.ttf"; sourceTree = "<group>"; };
		51331EDF2AC052BA006CA899 /* TodayTabBarController.swift */ = {isa = PBXFileReference; lastKnownFileType = sourcecode.swift; path = TodayTabBarController.swift; sourceTree = "<group>"; };
		51331EE42AC06A33006CA899 /* TodayBreakfastViewController.swift */ = {isa = PBXFileReference; lastKnownFileType = sourcecode.swift; path = TodayBreakfastViewController.swift; sourceTree = "<group>"; };
		51331EE62AC06A76006CA899 /* TodayLunchViewController.swift */ = {isa = PBXFileReference; lastKnownFileType = sourcecode.swift; path = TodayLunchViewController.swift; sourceTree = "<group>"; };
		51331EE82AC06A7E006CA899 /* TodayDinnerViewController.swift */ = {isa = PBXFileReference; lastKnownFileType = sourcecode.swift; path = TodayDinnerViewController.swift; sourceTree = "<group>"; };
		51331EEA2AC0A53B006CA899 /* TodayBreakfastTableView.swift */ = {isa = PBXFileReference; lastKnownFileType = sourcecode.swift; path = TodayBreakfastTableView.swift; sourceTree = "<group>"; };
		51331EEC2AC0A59D006CA899 /* TodayBreakfastTableViewCell.swift */ = {isa = PBXFileReference; lastKnownFileType = sourcecode.swift; path = TodayBreakfastTableViewCell.swift; sourceTree = "<group>"; };
		51331EEE2AC0A65A006CA899 /* TodayMealModel.swift */ = {isa = PBXFileReference; lastKnownFileType = sourcecode.swift; path = TodayMealModel.swift; sourceTree = "<group>"; };
/* End PBXFileReference section */

/* Begin PBXFrameworksBuildPhase section */
		51331E842AC02AA1006CA899 /* Frameworks */ = {
			isa = PBXFrameworksBuildPhase;
			buildActionMask = 2147483647;
			files = (
				51331EE32AC0633A006CA899 /* Tabman in Frameworks */,
			);
			runOnlyForDeploymentPostprocessing = 0;
		};
		51331E9A2AC02AA2006CA899 /* Frameworks */ = {
			isa = PBXFrameworksBuildPhase;
			buildActionMask = 2147483647;
			files = (
			);
			runOnlyForDeploymentPostprocessing = 0;
		};
		51331EA42AC02AA2006CA899 /* Frameworks */ = {
			isa = PBXFrameworksBuildPhase;
			buildActionMask = 2147483647;
			files = (
			);
			runOnlyForDeploymentPostprocessing = 0;
		};
/* End PBXFrameworksBuildPhase section */

/* Begin PBXGroup section */
		51331E7E2AC02AA0006CA899 = {
			isa = PBXGroup;
			children = (
				51331E892AC02AA1006CA899 /* SWU_MEAL */,
				51331EA02AC02AA2006CA899 /* SWU_MEALTests */,
				51331EAA2AC02AA2006CA899 /* SWU_MEALUITests */,
				51331E882AC02AA1006CA899 /* Products */,
			);
			sourceTree = "<group>";
		};
		51331E882AC02AA1006CA899 /* Products */ = {
			isa = PBXGroup;
			children = (
				51331E872AC02AA1006CA899 /* SWU_MEAL.app */,
				51331E9D2AC02AA2006CA899 /* SWU_MEALTests.xctest */,
				51331EA72AC02AA2006CA899 /* SWU_MEALUITests.xctest */,
			);
			name = Products;
			sourceTree = "<group>";
		};
		51331E892AC02AA1006CA899 /* SWU_MEAL */ = {
			isa = PBXGroup;
			children = (
				51331E8A2AC02AA1006CA899 /* AppDelegate.swift */,
				51331E8C2AC02AA1006CA899 /* SceneDelegate.swift */,
				51331ED72AC05136006CA899 /* UhBeeSe_hyun */,
				51331ECA2AC04B6B006CA899 /* Component */,
				51331EC62AC04B27006CA899 /* Extension+ */,
				51331EC72AC04B2F006CA899 /* Utility */,
				51331EBD2AC04A3B006CA899 /* 탭바 */,
				51331EBC2AC047B7006CA899 /* 오늘의슈밥 */,
				51331EC02AC04A90006CA899 /* 이번주슈밥 */,
				51331EC12AC04AA1006CA899 /* 마이페이지 */,
				51331E932AC02AA2006CA899 /* Assets.xcassets */,
				51331E952AC02AA2006CA899 /* LaunchScreen.storyboard */,
				51331E982AC02AA2006CA899 /* Info.plist */,
			);
			path = SWU_MEAL;
			sourceTree = "<group>";
		};
		51331EA02AC02AA2006CA899 /* SWU_MEALTests */ = {
			isa = PBXGroup;
			children = (
				51331EA12AC02AA2006CA899 /* SWU_MEALTests.swift */,
			);
			path = SWU_MEALTests;
			sourceTree = "<group>";
		};
		51331EAA2AC02AA2006CA899 /* SWU_MEALUITests */ = {
			isa = PBXGroup;
			children = (
				51331EAB2AC02AA2006CA899 /* SWU_MEALUITests.swift */,
				51331EAD2AC02AA2006CA899 /* SWU_MEALUITestsLaunchTests.swift */,
			);
			path = SWU_MEALUITests;
			sourceTree = "<group>";
		};
		51331EBC2AC047B7006CA899 /* 오늘의슈밥 */ = {
			isa = PBXGroup;
			children = (
				51331EDF2AC052BA006CA899 /* TodayTabBarController.swift */,
				51331EBA2AC047B4006CA899 /* TodayViewController.swift */,
				51331EDE2AC0528D006CA899 /* 석식 */,
				51331EDD2AC05284006CA899 /* 중식 */,
				51331EDC2AC05211006CA899 /* 조식 */,
			);
			name = "오늘의슈밥";
			path = "오늘의슈밥";
			sourceTree = "<group>";
		};
		51331EBD2AC04A3B006CA899 /* 탭바 */ = {
			isa = PBXGroup;
			children = (
				51331EBE2AC04A68006CA899 /* TabBarController.swift */,
			);
			name = "탭바";
			path = "탭바";
			sourceTree = "<group>";
		};
		51331EC02AC04A90006CA899 /* 이번주슈밥 */ = {
			isa = PBXGroup;
			children = (
				51331EC22AC04AB7006CA899 /* WeekViewController.swift */,
			);
			name = "이번주슈밥";
			path = "이번주슈밥";
			sourceTree = "<group>";
		};
		51331EC12AC04AA1006CA899 /* 마이페이지 */ = {
			isa = PBXGroup;
			children = (
				51331EC42AC04ABF006CA899 /* MyPageViewController.swift */,
			);
			name = "마이페이지";
			path = "마이페이지";
			sourceTree = "<group>";
		};
		51331EC62AC04B27006CA899 /* Extension+ */ = {
			isa = PBXGroup;
			children = (
				51331ED02AC04BA7006CA899 /* Color+.swift */,
				51331ECF2AC04BA7006CA899 /* Extension+.swift */,
			);
			path = "Extension+";
			sourceTree = "<group>";
		};
		51331EC72AC04B2F006CA899 /* Utility */ = {
			isa = PBXGroup;
			children = (
			);
			path = Utility;
			sourceTree = "<group>";
		};
		51331ECA2AC04B6B006CA899 /* Component */ = {
			isa = PBXGroup;
			children = (
				51331ECB2AC04B85006CA899 /* CustomBackButton.swift */,
				51331ECC2AC04B85006CA899 /* DividerView.swift */,
			);
			path = Component;
			sourceTree = "<group>";
		};
		51331ED72AC05136006CA899 /* UhBeeSe_hyun */ = {
			isa = PBXGroup;
			children = (
				51331ED82AC05136006CA899 /* UhBee Se_hyun.ttf */,
				51331ED92AC05136006CA899 /* UhBee Se_hyun Bold.ttf */,
			);
			path = UhBeeSe_hyun;
			sourceTree = "<group>";
		};
		51331EDC2AC05211006CA899 /* 조식 */ = {
			isa = PBXGroup;
			children = (
				51331EE42AC06A33006CA899 /* TodayBreakfastViewController.swift */,
				51331EEA2AC0A53B006CA899 /* TodayBreakfastTableView.swift */,
				51331EEC2AC0A59D006CA899 /* TodayBreakfastTableViewCell.swift */,
				51331EEE2AC0A65A006CA899 /* TodayMealModel.swift */,
			);
			name = "조식";
			path = "조식";
			sourceTree = "<group>";
		};
		51331EDD2AC05284006CA899 /* 중식 */ = {
			isa = PBXGroup;
			children = (
				51331EE62AC06A76006CA899 /* TodayLunchViewController.swift */,
			);
			name = "중식";
			path = "중식";
			sourceTree = "<group>";
		};
		51331EDE2AC0528D006CA899 /* 석식 */ = {
			isa = PBXGroup;
			children = (
				51331EE82AC06A7E006CA899 /* TodayDinnerViewController.swift */,
			);
			name = "석식";
			path = "석식";
			sourceTree = "<group>";
		};
/* End PBXGroup section */

/* Begin PBXNativeTarget section */
		51331E862AC02AA1006CA899 /* SWU_MEAL */ = {
			isa = PBXNativeTarget;
			buildConfigurationList = 51331EB12AC02AA2006CA899 /* Build configuration list for PBXNativeTarget "SWU_MEAL" */;
			buildPhases = (
				51331E832AC02AA1006CA899 /* Sources */,
				51331E842AC02AA1006CA899 /* Frameworks */,
				51331E852AC02AA1006CA899 /* Resources */,
			);
			buildRules = (
			);
			dependencies = (
			);
			name = SWU_MEAL;
			packageProductDependencies = (
				51331EE22AC0633A006CA899 /* Tabman */,
			);
			productName = SWU_MEAL;
			productReference = 51331E872AC02AA1006CA899 /* SWU_MEAL.app */;
			productType = "com.apple.product-type.application";
		};
		51331E9C2AC02AA2006CA899 /* SWU_MEALTests */ = {
			isa = PBXNativeTarget;
			buildConfigurationList = 51331EB42AC02AA2006CA899 /* Build configuration list for PBXNativeTarget "SWU_MEALTests" */;
			buildPhases = (
				51331E992AC02AA2006CA899 /* Sources */,
				51331E9A2AC02AA2006CA899 /* Frameworks */,
				51331E9B2AC02AA2006CA899 /* Resources */,
			);
			buildRules = (
			);
			dependencies = (
				51331E9F2AC02AA2006CA899 /* PBXTargetDependency */,
			);
			name = SWU_MEALTests;
			productName = SWU_MEALTests;
			productReference = 51331E9D2AC02AA2006CA899 /* SWU_MEALTests.xctest */;
			productType = "com.apple.product-type.bundle.unit-test";
		};
		51331EA62AC02AA2006CA899 /* SWU_MEALUITests */ = {
			isa = PBXNativeTarget;
			buildConfigurationList = 51331EB72AC02AA2006CA899 /* Build configuration list for PBXNativeTarget "SWU_MEALUITests" */;
			buildPhases = (
				51331EA32AC02AA2006CA899 /* Sources */,
				51331EA42AC02AA2006CA899 /* Frameworks */,
				51331EA52AC02AA2006CA899 /* Resources */,
			);
			buildRules = (
			);
			dependencies = (
				51331EA92AC02AA2006CA899 /* PBXTargetDependency */,
			);
			name = SWU_MEALUITests;
			productName = SWU_MEALUITests;
			productReference = 51331EA72AC02AA2006CA899 /* SWU_MEALUITests.xctest */;
			productType = "com.apple.product-type.bundle.ui-testing";
		};
/* End PBXNativeTarget section */

/* Begin PBXProject section */
		51331E7F2AC02AA1006CA899 /* Project object */ = {
			isa = PBXProject;
			attributes = {
				BuildIndependentTargetsInParallel = 1;
				LastSwiftUpdateCheck = 1430;
				LastUpgradeCheck = 1430;
				TargetAttributes = {
					51331E862AC02AA1006CA899 = {
						CreatedOnToolsVersion = 14.3.1;
					};
					51331E9C2AC02AA2006CA899 = {
						CreatedOnToolsVersion = 14.3.1;
						TestTargetID = 51331E862AC02AA1006CA899;
					};
					51331EA62AC02AA2006CA899 = {
						CreatedOnToolsVersion = 14.3.1;
						TestTargetID = 51331E862AC02AA1006CA899;
					};
				};
			};
			buildConfigurationList = 51331E822AC02AA1006CA899 /* Build configuration list for PBXProject "SWU_MEAL" */;
			compatibilityVersion = "Xcode 14.0";
			developmentRegion = en;
			hasScannedForEncodings = 0;
			knownRegions = (
				en,
				Base,
			);
			mainGroup = 51331E7E2AC02AA0006CA899;
			packageReferences = (
				51331EE12AC0633A006CA899 /* XCRemoteSwiftPackageReference "Tabman" */,
			);
			productRefGroup = 51331E882AC02AA1006CA899 /* Products */;
			projectDirPath = "";
			projectRoot = "";
			targets = (
				51331E862AC02AA1006CA899 /* SWU_MEAL */,
				51331E9C2AC02AA2006CA899 /* SWU_MEALTests */,
				51331EA62AC02AA2006CA899 /* SWU_MEALUITests */,
			);
		};
/* End PBXProject section */

/* Begin PBXResourcesBuildPhase section */
		51331E852AC02AA1006CA899 /* Resources */ = {
			isa = PBXResourcesBuildPhase;
			buildActionMask = 2147483647;
			files = (
				51331E972AC02AA2006CA899 /* LaunchScreen.storyboard in Resources */,
				51331E942AC02AA2006CA899 /* Assets.xcassets in Resources */,
				51331EDA2AC05136006CA899 /* UhBee Se_hyun.ttf in Resources */,
				51331EDB2AC05136006CA899 /* UhBee Se_hyun Bold.ttf in Resources */,
			);
			runOnlyForDeploymentPostprocessing = 0;
		};
		51331E9B2AC02AA2006CA899 /* Resources */ = {
			isa = PBXResourcesBuildPhase;
			buildActionMask = 2147483647;
			files = (
			);
			runOnlyForDeploymentPostprocessing = 0;
		};
		51331EA52AC02AA2006CA899 /* Resources */ = {
			isa = PBXResourcesBuildPhase;
			buildActionMask = 2147483647;
			files = (
			);
			runOnlyForDeploymentPostprocessing = 0;
		};
/* End PBXResourcesBuildPhase section */

/* Begin PBXSourcesBuildPhase section */
		51331E832AC02AA1006CA899 /* Sources */ = {
			isa = PBXSourcesBuildPhase;
			buildActionMask = 2147483647;
			files = (
				51331ECE2AC04B85006CA899 /* DividerView.swift in Sources */,
				51331EEF2AC0A65A006CA899 /* TodayMealModel.swift in Sources */,
				51331EEB2AC0A53B006CA899 /* TodayBreakfastTableView.swift in Sources */,
				51331ED42AC04BA7006CA899 /* Color+.swift in Sources */,
				51331EED2AC0A59D006CA899 /* TodayBreakfastTableViewCell.swift in Sources */,
				51331ECD2AC04B85006CA899 /* CustomBackButton.swift in Sources */,
				51331EC32AC04AB7006CA899 /* WeekViewController.swift in Sources */,
				51331EC52AC04ABF006CA899 /* MyPageViewController.swift in Sources */,
				51331EBB2AC047B4006CA899 /* TodayViewController.swift in Sources */,
				51331EE52AC06A33006CA899 /* TodayBreakfastViewController.swift in Sources */,
				51331EBF2AC04A68006CA899 /* TabBarController.swift in Sources */,
				51331E8B2AC02AA1006CA899 /* AppDelegate.swift in Sources */,
				51331EE92AC06A7E006CA899 /* TodayDinnerViewController.swift in Sources */,
				51331EE02AC052BA006CA899 /* TodayTabBarController.swift in Sources */,
				51331E8D2AC02AA1006CA899 /* SceneDelegate.swift in Sources */,
				51331EE72AC06A76006CA899 /* TodayLunchViewController.swift in Sources */,
				51331ED32AC04BA7006CA899 /* Extension+.swift in Sources */,
			);
			runOnlyForDeploymentPostprocessing = 0;
		};
		51331E992AC02AA2006CA899 /* Sources */ = {
			isa = PBXSourcesBuildPhase;
			buildActionMask = 2147483647;
			files = (
				51331EA22AC02AA2006CA899 /* SWU_MEALTests.swift in Sources */,
			);
			runOnlyForDeploymentPostprocessing = 0;
		};
		51331EA32AC02AA2006CA899 /* Sources */ = {
			isa = PBXSourcesBuildPhase;
			buildActionMask = 2147483647;
			files = (
				51331EAE2AC02AA2006CA899 /* SWU_MEALUITestsLaunchTests.swift in Sources */,
				51331EAC2AC02AA2006CA899 /* SWU_MEALUITests.swift in Sources */,
			);
			runOnlyForDeploymentPostprocessing = 0;
		};
/* End PBXSourcesBuildPhase section */

/* Begin PBXTargetDependency section */
		51331E9F2AC02AA2006CA899 /* PBXTargetDependency */ = {
			isa = PBXTargetDependency;
			target = 51331E862AC02AA1006CA899 /* SWU_MEAL */;
			targetProxy = 51331E9E2AC02AA2006CA899 /* PBXContainerItemProxy */;
		};
		51331EA92AC02AA2006CA899 /* PBXTargetDependency */ = {
			isa = PBXTargetDependency;
			target = 51331E862AC02AA1006CA899 /* SWU_MEAL */;
			targetProxy = 51331EA82AC02AA2006CA899 /* PBXContainerItemProxy */;
		};
/* End PBXTargetDependency section */

/* Begin PBXVariantGroup section */
		51331E952AC02AA2006CA899 /* LaunchScreen.storyboard */ = {
			isa = PBXVariantGroup;
			children = (
				51331E962AC02AA2006CA899 /* Base */,
			);
			name = LaunchScreen.storyboard;
			sourceTree = "<group>";
		};
/* End PBXVariantGroup section */

/* Begin XCBuildConfiguration section */
		51331EAF2AC02AA2006CA899 /* Debug */ = {
			isa = XCBuildConfiguration;
			buildSettings = {
				ALWAYS_SEARCH_USER_PATHS = NO;
				CLANG_ANALYZER_NONNULL = YES;
				CLANG_ANALYZER_NUMBER_OBJECT_CONVERSION = YES_AGGRESSIVE;
				CLANG_CXX_LANGUAGE_STANDARD = "gnu++20";
				CLANG_ENABLE_MODULES = YES;
				CLANG_ENABLE_OBJC_ARC = YES;
				CLANG_ENABLE_OBJC_WEAK = YES;
				CLANG_WARN_BLOCK_CAPTURE_AUTORELEASING = YES;
				CLANG_WARN_BOOL_CONVERSION = YES;
				CLANG_WARN_COMMA = YES;
				CLANG_WARN_CONSTANT_CONVERSION = YES;
				CLANG_WARN_DEPRECATED_OBJC_IMPLEMENTATIONS = YES;
				CLANG_WARN_DIRECT_OBJC_ISA_USAGE = YES_ERROR;
				CLANG_WARN_DOCUMENTATION_COMMENTS = YES;
				CLANG_WARN_EMPTY_BODY = YES;
				CLANG_WARN_ENUM_CONVERSION = YES;
				CLANG_WARN_INFINITE_RECURSION = YES;
				CLANG_WARN_INT_CONVERSION = YES;
				CLANG_WARN_NON_LITERAL_NULL_CONVERSION = YES;
				CLANG_WARN_OBJC_IMPLICIT_RETAIN_SELF = YES;
				CLANG_WARN_OBJC_LITERAL_CONVERSION = YES;
				CLANG_WARN_OBJC_ROOT_CLASS = YES_ERROR;
				CLANG_WARN_QUOTED_INCLUDE_IN_FRAMEWORK_HEADER = YES;
				CLANG_WARN_RANGE_LOOP_ANALYSIS = YES;
				CLANG_WARN_STRICT_PROTOTYPES = YES;
				CLANG_WARN_SUSPICIOUS_MOVE = YES;
				CLANG_WARN_UNGUARDED_AVAILABILITY = YES_AGGRESSIVE;
				CLANG_WARN_UNREACHABLE_CODE = YES;
				CLANG_WARN__DUPLICATE_METHOD_MATCH = YES;
				COPY_PHASE_STRIP = NO;
				DEBUG_INFORMATION_FORMAT = dwarf;
				ENABLE_STRICT_OBJC_MSGSEND = YES;
				ENABLE_TESTABILITY = YES;
				GCC_C_LANGUAGE_STANDARD = gnu11;
				GCC_DYNAMIC_NO_PIC = NO;
				GCC_NO_COMMON_BLOCKS = YES;
				GCC_OPTIMIZATION_LEVEL = 0;
				GCC_PREPROCESSOR_DEFINITIONS = (
					"DEBUG=1",
					"$(inherited)",
				);
				GCC_WARN_64_TO_32_BIT_CONVERSION = YES;
				GCC_WARN_ABOUT_RETURN_TYPE = YES_ERROR;
				GCC_WARN_UNDECLARED_SELECTOR = YES;
				GCC_WARN_UNINITIALIZED_AUTOS = YES_AGGRESSIVE;
				GCC_WARN_UNUSED_FUNCTION = YES;
				GCC_WARN_UNUSED_VARIABLE = YES;
				IPHONEOS_DEPLOYMENT_TARGET = 16.4;
				MTL_ENABLE_DEBUG_INFO = INCLUDE_SOURCE;
				MTL_FAST_MATH = YES;
				ONLY_ACTIVE_ARCH = YES;
				SDKROOT = iphoneos;
				SWIFT_ACTIVE_COMPILATION_CONDITIONS = DEBUG;
				SWIFT_OPTIMIZATION_LEVEL = "-Onone";
			};
			name = Debug;
		};
		51331EB02AC02AA2006CA899 /* Release */ = {
			isa = XCBuildConfiguration;
			buildSettings = {
				ALWAYS_SEARCH_USER_PATHS = NO;
				CLANG_ANALYZER_NONNULL = YES;
				CLANG_ANALYZER_NUMBER_OBJECT_CONVERSION = YES_AGGRESSIVE;
				CLANG_CXX_LANGUAGE_STANDARD = "gnu++20";
				CLANG_ENABLE_MODULES = YES;
				CLANG_ENABLE_OBJC_ARC = YES;
				CLANG_ENABLE_OBJC_WEAK = YES;
				CLANG_WARN_BLOCK_CAPTURE_AUTORELEASING = YES;
				CLANG_WARN_BOOL_CONVERSION = YES;
				CLANG_WARN_COMMA = YES;
				CLANG_WARN_CONSTANT_CONVERSION = YES;
				CLANG_WARN_DEPRECATED_OBJC_IMPLEMENTATIONS = YES;
				CLANG_WARN_DIRECT_OBJC_ISA_USAGE = YES_ERROR;
				CLANG_WARN_DOCUMENTATION_COMMENTS = YES;
				CLANG_WARN_EMPTY_BODY = YES;
				CLANG_WARN_ENUM_CONVERSION = YES;
				CLANG_WARN_INFINITE_RECURSION = YES;
				CLANG_WARN_INT_CONVERSION = YES;
				CLANG_WARN_NON_LITERAL_NULL_CONVERSION = YES;
				CLANG_WARN_OBJC_IMPLICIT_RETAIN_SELF = YES;
				CLANG_WARN_OBJC_LITERAL_CONVERSION = YES;
				CLANG_WARN_OBJC_ROOT_CLASS = YES_ERROR;
				CLANG_WARN_QUOTED_INCLUDE_IN_FRAMEWORK_HEADER = YES;
				CLANG_WARN_RANGE_LOOP_ANALYSIS = YES;
				CLANG_WARN_STRICT_PROTOTYPES = YES;
				CLANG_WARN_SUSPICIOUS_MOVE = YES;
				CLANG_WARN_UNGUARDED_AVAILABILITY = YES_AGGRESSIVE;
				CLANG_WARN_UNREACHABLE_CODE = YES;
				CLANG_WARN__DUPLICATE_METHOD_MATCH = YES;
				COPY_PHASE_STRIP = NO;
				DEBUG_INFORMATION_FORMAT = "dwarf-with-dsym";
				ENABLE_NS_ASSERTIONS = NO;
				ENABLE_STRICT_OBJC_MSGSEND = YES;
				GCC_C_LANGUAGE_STANDARD = gnu11;
				GCC_NO_COMMON_BLOCKS = YES;
				GCC_WARN_64_TO_32_BIT_CONVERSION = YES;
				GCC_WARN_ABOUT_RETURN_TYPE = YES_ERROR;
				GCC_WARN_UNDECLARED_SELECTOR = YES;
				GCC_WARN_UNINITIALIZED_AUTOS = YES_AGGRESSIVE;
				GCC_WARN_UNUSED_FUNCTION = YES;
				GCC_WARN_UNUSED_VARIABLE = YES;
				IPHONEOS_DEPLOYMENT_TARGET = 16.4;
				MTL_ENABLE_DEBUG_INFO = NO;
				MTL_FAST_MATH = YES;
				SDKROOT = iphoneos;
				SWIFT_COMPILATION_MODE = wholemodule;
				SWIFT_OPTIMIZATION_LEVEL = "-O";
				VALIDATE_PRODUCT = YES;
			};
			name = Release;
		};
		51331EB22AC02AA2006CA899 /* Debug */ = {
			isa = XCBuildConfiguration;
			buildSettings = {
				ASSETCATALOG_COMPILER_APPICON_NAME = AppIcon;
				ASSETCATALOG_COMPILER_GLOBAL_ACCENT_COLOR_NAME = AccentColor;
				CODE_SIGN_STYLE = Automatic;
				CURRENT_PROJECT_VERSION = 1;
				DEVELOPMENT_TEAM = 4Q9XG9F7CU;
				GENERATE_INFOPLIST_FILE = YES;
				INFOPLIST_FILE = SWU_MEAL/Info.plist;
				INFOPLIST_KEY_UIApplicationSupportsIndirectInputEvents = YES;
				INFOPLIST_KEY_UILaunchStoryboardName = LaunchScreen;
				INFOPLIST_KEY_UISupportedInterfaceOrientations_iPad = "UIInterfaceOrientationPortrait UIInterfaceOrientationPortraitUpsideDown UIInterfaceOrientationLandscapeLeft UIInterfaceOrientationLandscapeRight";
				INFOPLIST_KEY_UISupportedInterfaceOrientations_iPhone = "UIInterfaceOrientationPortrait UIInterfaceOrientationLandscapeLeft UIInterfaceOrientationLandscapeRight";
				IPHONEOS_DEPLOYMENT_TARGET = 14.0;
				LD_RUNPATH_SEARCH_PATHS = (
					"$(inherited)",
					"@executable_path/Frameworks",
				);
				MARKETING_VERSION = 1.0;
				PRODUCT_BUNDLE_IDENTIFIER = "com.MJA.SWU-MEAL";
				PRODUCT_NAME = "$(TARGET_NAME)";
				SWIFT_EMIT_LOC_STRINGS = YES;
				SWIFT_VERSION = 5.0;
				TARGETED_DEVICE_FAMILY = "1,2";
			};
			name = Debug;
		};
		51331EB32AC02AA2006CA899 /* Release */ = {
			isa = XCBuildConfiguration;
			buildSettings = {
				ASSETCATALOG_COMPILER_APPICON_NAME = AppIcon;
				ASSETCATALOG_COMPILER_GLOBAL_ACCENT_COLOR_NAME = AccentColor;
				CODE_SIGN_STYLE = Automatic;
				CURRENT_PROJECT_VERSION = 1;
				DEVELOPMENT_TEAM = 4Q9XG9F7CU;
				GENERATE_INFOPLIST_FILE = YES;
				INFOPLIST_FILE = SWU_MEAL/Info.plist;
				INFOPLIST_KEY_UIApplicationSupportsIndirectInputEvents = YES;
				INFOPLIST_KEY_UILaunchStoryboardName = LaunchScreen;
				INFOPLIST_KEY_UISupportedInterfaceOrientations_iPad = "UIInterfaceOrientationPortrait UIInterfaceOrientationPortraitUpsideDown UIInterfaceOrientationLandscapeLeft UIInterfaceOrientationLandscapeRight";
				INFOPLIST_KEY_UISupportedInterfaceOrientations_iPhone = "UIInterfaceOrientationPortrait UIInterfaceOrientationLandscapeLeft UIInterfaceOrientationLandscapeRight";
				IPHONEOS_DEPLOYMENT_TARGET = 14.0;
				LD_RUNPATH_SEARCH_PATHS = (
					"$(inherited)",
					"@executable_path/Frameworks",
				);
				MARKETING_VERSION = 1.0;
				PRODUCT_BUNDLE_IDENTIFIER = "com.MJA.SWU-MEAL";
				PRODUCT_NAME = "$(TARGET_NAME)";
				SWIFT_EMIT_LOC_STRINGS = YES;
				SWIFT_VERSION = 5.0;
				TARGETED_DEVICE_FAMILY = "1,2";
			};
			name = Release;
		};
		51331EB52AC02AA2006CA899 /* Debug */ = {
			isa = XCBuildConfiguration;
			buildSettings = {
				ALWAYS_EMBED_SWIFT_STANDARD_LIBRARIES = YES;
				BUNDLE_LOADER = "$(TEST_HOST)";
				CODE_SIGN_STYLE = Automatic;
				CURRENT_PROJECT_VERSION = 1;
				DEVELOPMENT_TEAM = 4Q9XG9F7CU;
				GENERATE_INFOPLIST_FILE = YES;
				IPHONEOS_DEPLOYMENT_TARGET = 16.4;
				MARKETING_VERSION = 1.0;
				PRODUCT_BUNDLE_IDENTIFIER = "com.MJA.SWU-MEALTests";
				PRODUCT_NAME = "$(TARGET_NAME)";
				SWIFT_EMIT_LOC_STRINGS = NO;
				SWIFT_VERSION = 5.0;
				TARGETED_DEVICE_FAMILY = "1,2";
				TEST_HOST = "$(BUILT_PRODUCTS_DIR)/SWU_MEAL.app/$(BUNDLE_EXECUTABLE_FOLDER_PATH)/SWU_MEAL";
			};
			name = Debug;
		};
		51331EB62AC02AA2006CA899 /* Release */ = {
			isa = XCBuildConfiguration;
			buildSettings = {
				ALWAYS_EMBED_SWIFT_STANDARD_LIBRARIES = YES;
				BUNDLE_LOADER = "$(TEST_HOST)";
				CODE_SIGN_STYLE = Automatic;
				CURRENT_PROJECT_VERSION = 1;
				DEVELOPMENT_TEAM = 4Q9XG9F7CU;
				GENERATE_INFOPLIST_FILE = YES;
				IPHONEOS_DEPLOYMENT_TARGET = 16.4;
				MARKETING_VERSION = 1.0;
				PRODUCT_BUNDLE_IDENTIFIER = "com.MJA.SWU-MEALTests";
				PRODUCT_NAME = "$(TARGET_NAME)";
				SWIFT_EMIT_LOC_STRINGS = NO;
				SWIFT_VERSION = 5.0;
				TARGETED_DEVICE_FAMILY = "1,2";
				TEST_HOST = "$(BUILT_PRODUCTS_DIR)/SWU_MEAL.app/$(BUNDLE_EXECUTABLE_FOLDER_PATH)/SWU_MEAL";
			};
			name = Release;
		};
		51331EB82AC02AA2006CA899 /* Debug */ = {
			isa = XCBuildConfiguration;
			buildSettings = {
				ALWAYS_EMBED_SWIFT_STANDARD_LIBRARIES = YES;
				CODE_SIGN_STYLE = Automatic;
				CURRENT_PROJECT_VERSION = 1;
				DEVELOPMENT_TEAM = 4Q9XG9F7CU;
				GENERATE_INFOPLIST_FILE = YES;
				MARKETING_VERSION = 1.0;
				PRODUCT_BUNDLE_IDENTIFIER = "com.MJA.SWU-MEALUITests";
				PRODUCT_NAME = "$(TARGET_NAME)";
				SWIFT_EMIT_LOC_STRINGS = NO;
				SWIFT_VERSION = 5.0;
				TARGETED_DEVICE_FAMILY = "1,2";
				TEST_TARGET_NAME = SWU_MEAL;
			};
			name = Debug;
		};
		51331EB92AC02AA2006CA899 /* Release */ = {
			isa = XCBuildConfiguration;
			buildSettings = {
				ALWAYS_EMBED_SWIFT_STANDARD_LIBRARIES = YES;
				CODE_SIGN_STYLE = Automatic;
				CURRENT_PROJECT_VERSION = 1;
				DEVELOPMENT_TEAM = 4Q9XG9F7CU;
				GENERATE_INFOPLIST_FILE = YES;
				MARKETING_VERSION = 1.0;
				PRODUCT_BUNDLE_IDENTIFIER = "com.MJA.SWU-MEALUITests";
				PRODUCT_NAME = "$(TARGET_NAME)";
				SWIFT_EMIT_LOC_STRINGS = NO;
				SWIFT_VERSION = 5.0;
				TARGETED_DEVICE_FAMILY = "1,2";
				TEST_TARGET_NAME = SWU_MEAL;
			};
			name = Release;
		};
/* End XCBuildConfiguration section */

/* Begin XCConfigurationList section */
		51331E822AC02AA1006CA899 /* Build configuration list for PBXProject "SWU_MEAL" */ = {
			isa = XCConfigurationList;
			buildConfigurations = (
				51331EAF2AC02AA2006CA899 /* Debug */,
				51331EB02AC02AA2006CA899 /* Release */,
			);
			defaultConfigurationIsVisible = 0;
			defaultConfigurationName = Release;
		};
		51331EB12AC02AA2006CA899 /* Build configuration list for PBXNativeTarget "SWU_MEAL" */ = {
			isa = XCConfigurationList;
			buildConfigurations = (
				51331EB22AC02AA2006CA899 /* Debug */,
				51331EB32AC02AA2006CA899 /* Release */,
			);
			defaultConfigurationIsVisible = 0;
			defaultConfigurationName = Release;
		};
		51331EB42AC02AA2006CA899 /* Build configuration list for PBXNativeTarget "SWU_MEALTests" */ = {
			isa = XCConfigurationList;
			buildConfigurations = (
				51331EB52AC02AA2006CA899 /* Debug */,
				51331EB62AC02AA2006CA899 /* Release */,
			);
			defaultConfigurationIsVisible = 0;
			defaultConfigurationName = Release;
		};
		51331EB72AC02AA2006CA899 /* Build configuration list for PBXNativeTarget "SWU_MEALUITests" */ = {
			isa = XCConfigurationList;
			buildConfigurations = (
				51331EB82AC02AA2006CA899 /* Debug */,
				51331EB92AC02AA2006CA899 /* Release */,
			);
			defaultConfigurationIsVisible = 0;
			defaultConfigurationName = Release;
		};
/* End XCConfigurationList section */

/* Begin XCRemoteSwiftPackageReference section */
		51331EE12AC0633A006CA899 /* XCRemoteSwiftPackageReference "Tabman" */ = {
			isa = XCRemoteSwiftPackageReference;
			repositoryURL = "https://github.com/uias/Tabman";
			requirement = {
				kind = upToNextMajorVersion;
				minimumVersion = 3.0.0;
			};
		};
/* End XCRemoteSwiftPackageReference section */

/* Begin XCSwiftPackageProductDependency section */
		51331EE22AC0633A006CA899 /* Tabman */ = {
			isa = XCSwiftPackageProductDependency;
			package = 51331EE12AC0633A006CA899 /* XCRemoteSwiftPackageReference "Tabman" */;
			productName = Tabman;
		};
/* End XCSwiftPackageProductDependency section */
	};
	rootObject = 51331E7F2AC02AA1006CA899 /* Project object */;
}
