// !$*UTF8*$!
{
	archiveVersion = 1;
	classes = {
	};
	objectVersion = 56;
	objects = {

/* Begin PBXBuildFile section */
		5108BADA2AD31EFE00A32BB7 /* EmptyMealView.swift in Sources */ = {isa = PBXBuildFile; fileRef = 5108BAD92AD31EFE00A32BB7 /* EmptyMealView.swift */; };
		511D53402AC1F99E00A688F4 /* TodayLunchTableView.swift in Sources */ = {isa = PBXBuildFile; fileRef = 511D533F2AC1F99E00A688F4 /* TodayLunchTableView.swift */; };
		511D53442AC1FC5500A688F4 /* TodayDinnerTableView.swift in Sources */ = {isa = PBXBuildFile; fileRef = 511D53432AC1FC5500A688F4 /* TodayDinnerTableView.swift */; };
		511D534B2AC201C900A688F4 /* TodayBreakfastTableView.swift in Sources */ = {isa = PBXBuildFile; fileRef = 511D534A2AC201C900A688F4 /* TodayBreakfastTableView.swift */; };
		51331E8B2AC02AA1006CA899 /* AppDelegate.swift in Sources */ = {isa = PBXBuildFile; fileRef = 51331E8A2AC02AA1006CA899 /* AppDelegate.swift */; };
		51331E8D2AC02AA1006CA899 /* SceneDelegate.swift in Sources */ = {isa = PBXBuildFile; fileRef = 51331E8C2AC02AA1006CA899 /* SceneDelegate.swift */; };
		51331E942AC02AA2006CA899 /* Assets.xcassets in Resources */ = {isa = PBXBuildFile; fileRef = 51331E932AC02AA2006CA899 /* Assets.xcassets */; };
		51331E972AC02AA2006CA899 /* LaunchScreen.storyboard in Resources */ = {isa = PBXBuildFile; fileRef = 51331E952AC02AA2006CA899 /* LaunchScreen.storyboard */; };
		51331EA22AC02AA2006CA899 /* SWU_MEALTests.swift in Sources */ = {isa = PBXBuildFile; fileRef = 51331EA12AC02AA2006CA899 /* SWU_MEALTests.swift */; };
		51331EAC2AC02AA2006CA899 /* SWU_MEALUITests.swift in Sources */ = {isa = PBXBuildFile; fileRef = 51331EAB2AC02AA2006CA899 /* SWU_MEALUITests.swift */; };
		51331EAE2AC02AA2006CA899 /* SWU_MEALUITestsLaunchTests.swift in Sources */ = {isa = PBXBuildFile; fileRef = 51331EAD2AC02AA2006CA899 /* SWU_MEALUITestsLaunchTests.swift */; };
		51331EBB2AC047B4006CA899 /* TodayViewController.swift in Sources */ = {isa = PBXBuildFile; fileRef = 51331EBA2AC047B4006CA899 /* TodayViewController.swift */; };
		51331EBF2AC04A68006CA899 /* TabBarController.swift in Sources */ = {isa = PBXBuildFile; fileRef = 51331EBE2AC04A68006CA899 /* TabBarController.swift */; };
		51331EC32AC04AB7006CA899 /* WeekViewController.swift in Sources */ = {isa = PBXBuildFile; fileRef = 51331EC22AC04AB7006CA899 /* WeekViewController.swift */; };
		51331EC52AC04ABF006CA899 /* MyPageViewController.swift in Sources */ = {isa = PBXBuildFile; fileRef = 51331EC42AC04ABF006CA899 /* MyPageViewController.swift */; };
		51331ECD2AC04B85006CA899 /* CustomBackButton.swift in Sources */ = {isa = PBXBuildFile; fileRef = 51331ECB2AC04B85006CA899 /* CustomBackButton.swift */; };
		51331ECE2AC04B85006CA899 /* DividerView.swift in Sources */ = {isa = PBXBuildFile; fileRef = 51331ECC2AC04B85006CA899 /* DividerView.swift */; };
		51331ED32AC04BA7006CA899 /* Extension+.swift in Sources */ = {isa = PBXBuildFile; fileRef = 51331ECF2AC04BA7006CA899 /* Extension+.swift */; };
		51331ED42AC04BA7006CA899 /* Color+.swift in Sources */ = {isa = PBXBuildFile; fileRef = 51331ED02AC04BA7006CA899 /* Color+.swift */; };
		51331EDA2AC05136006CA899 /* UhBee Se_hyun.ttf in Resources */ = {isa = PBXBuildFile; fileRef = 51331ED82AC05136006CA899 /* UhBee Se_hyun.ttf */; };
		51331EDB2AC05136006CA899 /* UhBee Se_hyun Bold.ttf in Resources */ = {isa = PBXBuildFile; fileRef = 51331ED92AC05136006CA899 /* UhBee Se_hyun Bold.ttf */; };
		51331EE02AC052BA006CA899 /* TodayTabBarController.swift in Sources */ = {isa = PBXBuildFile; fileRef = 51331EDF2AC052BA006CA899 /* TodayTabBarController.swift */; };
		51331EE32AC0633A006CA899 /* Tabman in Frameworks */ = {isa = PBXBuildFile; productRef = 51331EE22AC0633A006CA899 /* Tabman */; };
		51331EE52AC06A33006CA899 /* TodayBreakfastViewController.swift in Sources */ = {isa = PBXBuildFile; fileRef = 51331EE42AC06A33006CA899 /* TodayBreakfastViewController.swift */; };
		51331EE72AC06A76006CA899 /* TodayLunchViewController.swift in Sources */ = {isa = PBXBuildFile; fileRef = 51331EE62AC06A76006CA899 /* TodayLunchViewController.swift */; };
		51331EE92AC06A7E006CA899 /* TodayDinnerViewController.swift in Sources */ = {isa = PBXBuildFile; fileRef = 51331EE82AC06A7E006CA899 /* TodayDinnerViewController.swift */; };
		51331EED2AC0A59D006CA899 /* TodayTableViewCell.swift in Sources */ = {isa = PBXBuildFile; fileRef = 51331EEC2AC0A59D006CA899 /* TodayTableViewCell.swift */; };
		51331EEF2AC0A65A006CA899 /* TodayMealModel.swift in Sources */ = {isa = PBXBuildFile; fileRef = 51331EEE2AC0A65A006CA899 /* TodayMealModel.swift */; };
		51331EF12AC0AC2B006CA899 /* TagButton.swift in Sources */ = {isa = PBXBuildFile; fileRef = 51331EF02AC0AC2B006CA899 /* TagButton.swift */; };
		51383F142AC2C9F200866891 /* MypageTableView.swift in Sources */ = {isa = PBXBuildFile; fileRef = 51383F132AC2C9F200866891 /* MypageTableView.swift */; };
		51383F162AC2CA0700866891 /* MypageTableViewCell.swift in Sources */ = {isa = PBXBuildFile; fileRef = 51383F152AC2CA0700866891 /* MypageTableViewCell.swift */; };
		51383F182AC2CB6300866891 /* MypageModel.swift in Sources */ = {isa = PBXBuildFile; fileRef = 51383F172AC2CB6300866891 /* MypageModel.swift */; };
		5148073D2AC40C7000A96879 /* WeekdayView.swift in Sources */ = {isa = PBXBuildFile; fileRef = 5148073C2AC40C7000A96879 /* WeekdayView.swift */; };
		515736C92AD520FE0061F0B2 /* ServerErrorMealView.swift in Sources */ = {isa = PBXBuildFile; fileRef = 515736C82AD520FE0061F0B2 /* ServerErrorMealView.swift */; };
		515736CB2AD523DA0061F0B2 /* CustomActivityIndicatorView.swift in Sources */ = {isa = PBXBuildFile; fileRef = 515736CA2AD523DA0061F0B2 /* CustomActivityIndicatorView.swift */; };
		515736D02AD52DDF0061F0B2 /* SplashViewController.swift in Sources */ = {isa = PBXBuildFile; fileRef = 515736CF2AD52DDF0061F0B2 /* SplashViewController.swift */; };
		515736D12AD52E5F0061F0B2 /* SplashVideo.mp4.mp4 in Resources */ = {isa = PBXBuildFile; fileRef = 515736CE2AD52CC60061F0B2 /* SplashVideo.mp4.mp4 */; };
		515A20322AF007EB00DD08B3 /* TermsViewController.swift in Sources */ = {isa = PBXBuildFile; fileRef = 515A20312AF007EB00DD08B3 /* TermsViewController.swift */; };
		515A20342AF00BFB00DD08B3 /* TermsModel.swift in Sources */ = {isa = PBXBuildFile; fileRef = 515A20332AF00BFB00DD08B3 /* TermsModel.swift */; };
		516380A52AC5488C00F09F12 /* WeekViewTabBarController.swift in Sources */ = {isa = PBXBuildFile; fileRef = 516380A42AC5488C00F09F12 /* WeekViewTabBarController.swift */; };
		516380A72AC5494100F09F12 /* MenuReportViewController.swift in Sources */ = {isa = PBXBuildFile; fileRef = 516380A62AC5494100F09F12 /* MenuReportViewController.swift */; };
		516380A92AC5507800F09F12 /* WhiteView.swift in Sources */ = {isa = PBXBuildFile; fileRef = 516380A82AC5507800F09F12 /* WhiteView.swift */; };
		516491D32AD3D34F00AC48F7 /* InquiryViewController.swift in Sources */ = {isa = PBXBuildFile; fileRef = 516491D22AD3D34F00AC48F7 /* InquiryViewController.swift */; };
		517B66022ACC39830086E14A /* ThuesViewController.swift in Sources */ = {isa = PBXBuildFile; fileRef = 517B66012ACC39830086E14A /* ThuesViewController.swift */; };
		517B66042ACC39B70086E14A /* WednsViewController.swift in Sources */ = {isa = PBXBuildFile; fileRef = 517B66032ACC39B70086E14A /* WednsViewController.swift */; };
		517B66062ACC39DF0086E14A /* ThursViewController.swift in Sources */ = {isa = PBXBuildFile; fileRef = 517B66052ACC39DF0086E14A /* ThursViewController.swift */; };
		517B66082ACC39FA0086E14A /* FriViewController.swift in Sources */ = {isa = PBXBuildFile; fileRef = 517B66072ACC39FA0086E14A /* FriViewController.swift */; };
		517EAB1F2AC708CB0059ED4C /* WeekMorningTableView.swift in Sources */ = {isa = PBXBuildFile; fileRef = 517EAB1E2AC708CB0059ED4C /* WeekMorningTableView.swift */; };
		517EAB212AC708FD0059ED4C /* WeekLunchTableView.swift in Sources */ = {isa = PBXBuildFile; fileRef = 517EAB202AC708FD0059ED4C /* WeekLunchTableView.swift */; };
		517EAB232AC709050059ED4C /* WeekDinnerTableView.swift in Sources */ = {isa = PBXBuildFile; fileRef = 517EAB222AC709050059ED4C /* WeekDinnerTableView.swift */; };
		517EAB252AC70B130059ED4C /* WeekTableViewCell.swift in Sources */ = {isa = PBXBuildFile; fileRef = 517EAB242AC70B130059ED4C /* WeekTableViewCell.swift */; };
		517EAB2A2AC751970059ED4C /* MondayViewController.swift in Sources */ = {isa = PBXBuildFile; fileRef = 517EAB292AC751970059ED4C /* MondayViewController.swift */; };
		51869B952AF258C5005B1E14 /* DeviceManager.swift in Sources */ = {isa = PBXBuildFile; fileRef = 51869B942AF258C5005B1E14 /* DeviceManager.swift */; };
		51D6DB592AEC105B005767BA /* EmptyTodayMealView.swift in Sources */ = {isa = PBXBuildFile; fileRef = 51D6DB582AEC105B005767BA /* EmptyTodayMealView.swift */; };
		51E399622ACFD82200EC6ECE /* Alamofire in Frameworks */ = {isa = PBXBuildFile; productRef = 51E399612ACFD82200EC6ECE /* Alamofire */; };
		51E7BF962AD446890032AE72 /* VersionViewController.swift in Sources */ = {isa = PBXBuildFile; fileRef = 51E7BF952AD446890032AE72 /* VersionViewController.swift */; };
		51E8053D2AD16812008D83B9 /* SplashVC.swift in Sources */ = {isa = PBXBuildFile; fileRef = 51E8053C2AD16812008D83B9 /* SplashVC.swift */; };
		51E805402AD1959F008D83B9 /* WeekMealModel.swift in Sources */ = {isa = PBXBuildFile; fileRef = 51E8053F2AD1959F008D83B9 /* WeekMealModel.swift */; };
		51E805422AD19763008D83B9 /* Manager.swift in Sources */ = {isa = PBXBuildFile; fileRef = 51E805412AD19763008D83B9 /* Manager.swift */; };
/* End PBXBuildFile section */

/* Begin PBXContainerItemProxy section */
		51331E9E2AC02AA2006CA899 /* PBXContainerItemProxy */ = {
			isa = PBXContainerItemProxy;
			containerPortal = 51331E7F2AC02AA1006CA899 /* Project object */;
			proxyType = 1;
			remoteGlobalIDString = 51331E862AC02AA1006CA899;
			remoteInfo = SWU_MEAL;
		};
		51331EA82AC02AA2006CA899 /* PBXContainerItemProxy */ = {
			isa = PBXContainerItemProxy;
			containerPortal = 51331E7F2AC02AA1006CA899 /* Project object */;
			proxyType = 1;
			remoteGlobalIDString = 51331E862AC02AA1006CA899;
			remoteInfo = SWU_MEAL;
		};
/* End PBXContainerItemProxy section */

/* Begin PBXFileReference section */
		5108BAD92AD31EFE00A32BB7 /* EmptyMealView.swift */ = {isa = PBXFileReference; lastKnownFileType = sourcecode.swift; path = EmptyMealView.swift; sourceTree = "<group>"; };
		511D533F2AC1F99E00A688F4 /* TodayLunchTableView.swift */ = {isa = PBXFileReference; lastKnownFileType = sourcecode.swift; path = TodayLunchTableView.swift; sourceTree = "<group>"; };
		511D53432AC1FC5500A688F4 /* TodayDinnerTableView.swift */ = {isa = PBXFileReference; lastKnownFileType = sourcecode.swift; path = TodayDinnerTableView.swift; sourceTree = "<group>"; };
		511D534A2AC201C900A688F4 /* TodayBreakfastTableView.swift */ = {isa = PBXFileReference; fileEncoding = 4; lastKnownFileType = sourcecode.swift; name = TodayBreakfastTableView.swift; path = "SWU_MEAL/오늘의슈밥/조식/TodayBreakfastTableView.swift"; sourceTree = SOURCE_ROOT; };
		51331E872AC02AA1006CA899 /* SWU_MEAL.app */ = {isa = PBXFileReference; explicitFileType = wrapper.application; includeInIndex = 0; path = SWU_MEAL.app; sourceTree = BUILT_PRODUCTS_DIR; };
		51331E8A2AC02AA1006CA899 /* AppDelegate.swift */ = {isa = PBXFileReference; lastKnownFileType = sourcecode.swift; path = AppDelegate.swift; sourceTree = "<group>"; };
		51331E8C2AC02AA1006CA899 /* SceneDelegate.swift */ = {isa = PBXFileReference; lastKnownFileType = sourcecode.swift; path = SceneDelegate.swift; sourceTree = "<group>"; };
		51331E932AC02AA2006CA899 /* Assets.xcassets */ = {isa = PBXFileReference; lastKnownFileType = folder.assetcatalog; path = Assets.xcassets; sourceTree = "<group>"; };
		51331E962AC02AA2006CA899 /* Base */ = {isa = PBXFileReference; lastKnownFileType = file.storyboard; name = Base; path = Base.lproj/LaunchScreen.storyboard; sourceTree = "<group>"; };
		51331E982AC02AA2006CA899 /* Info.plist */ = {isa = PBXFileReference; lastKnownFileType = text.plist.xml; path = Info.plist; sourceTree = "<group>"; };
		51331E9D2AC02AA2006CA899 /* SWU_MEALTests.xctest */ = {isa = PBXFileReference; explicitFileType = wrapper.cfbundle; includeInIndex = 0; path = SWU_MEALTests.xctest; sourceTree = BUILT_PRODUCTS_DIR; };
		51331EA12AC02AA2006CA899 /* SWU_MEALTests.swift */ = {isa = PBXFileReference; lastKnownFileType = sourcecode.swift; path = SWU_MEALTests.swift; sourceTree = "<group>"; };
		51331EA72AC02AA2006CA899 /* SWU_MEALUITests.xctest */ = {isa = PBXFileReference; explicitFileType = wrapper.cfbundle; includeInIndex = 0; path = SWU_MEALUITests.xctest; sourceTree = BUILT_PRODUCTS_DIR; };
		51331EAB2AC02AA2006CA899 /* SWU_MEALUITests.swift */ = {isa = PBXFileReference; lastKnownFileType = sourcecode.swift; path = SWU_MEALUITests.swift; sourceTree = "<group>"; };
		51331EAD2AC02AA2006CA899 /* SWU_MEALUITestsLaunchTests.swift */ = {isa = PBXFileReference; lastKnownFileType = sourcecode.swift; path = SWU_MEALUITestsLaunchTests.swift; sourceTree = "<group>"; };
		51331EBA2AC047B4006CA899 /* TodayViewController.swift */ = {isa = PBXFileReference; lastKnownFileType = sourcecode.swift; path = TodayViewController.swift; sourceTree = "<group>"; };
		51331EBE2AC04A68006CA899 /* TabBarController.swift */ = {isa = PBXFileReference; lastKnownFileType = sourcecode.swift; path = TabBarController.swift; sourceTree = "<group>"; };
		51331EC22AC04AB7006CA899 /* WeekViewController.swift */ = {isa = PBXFileReference; lastKnownFileType = sourcecode.swift; path = WeekViewController.swift; sourceTree = "<group>"; };
		51331EC42AC04ABF006CA899 /* MyPageViewController.swift */ = {isa = PBXFileReference; lastKnownFileType = sourcecode.swift; path = MyPageViewController.swift; sourceTree = "<group>"; };
		51331ECB2AC04B85006CA899 /* CustomBackButton.swift */ = {isa = PBXFileReference; fileEncoding = 4; lastKnownFileType = sourcecode.swift; path = CustomBackButton.swift; sourceTree = "<group>"; };
		51331ECC2AC04B85006CA899 /* DividerView.swift */ = {isa = PBXFileReference; fileEncoding = 4; lastKnownFileType = sourcecode.swift; path = DividerView.swift; sourceTree = "<group>"; };
		51331ECF2AC04BA7006CA899 /* Extension+.swift */ = {isa = PBXFileReference; fileEncoding = 4; lastKnownFileType = sourcecode.swift; path = "Extension+.swift"; sourceTree = "<group>"; };
		51331ED02AC04BA7006CA899 /* Color+.swift */ = {isa = PBXFileReference; fileEncoding = 4; lastKnownFileType = sourcecode.swift; path = "Color+.swift"; sourceTree = "<group>"; };
		51331ED82AC05136006CA899 /* UhBee Se_hyun.ttf */ = {isa = PBXFileReference; lastKnownFileType = file; path = "UhBee Se_hyun.ttf"; sourceTree = "<group>"; };
		51331ED92AC05136006CA899 /* UhBee Se_hyun Bold.ttf */ = {isa = PBXFileReference; lastKnownFileType = file; path = "UhBee Se_hyun Bold.ttf"; sourceTree = "<group>"; };
		51331EDF2AC052BA006CA899 /* TodayTabBarController.swift */ = {isa = PBXFileReference; lastKnownFileType = sourcecode.swift; path = TodayTabBarController.swift; sourceTree = "<group>"; };
		51331EE42AC06A33006CA899 /* TodayBreakfastViewController.swift */ = {isa = PBXFileReference; lastKnownFileType = sourcecode.swift; path = TodayBreakfastViewController.swift; sourceTree = "<group>"; };
		51331EE62AC06A76006CA899 /* TodayLunchViewController.swift */ = {isa = PBXFileReference; lastKnownFileType = sourcecode.swift; path = TodayLunchViewController.swift; sourceTree = "<group>"; };
		51331EE82AC06A7E006CA899 /* TodayDinnerViewController.swift */ = {isa = PBXFileReference; lastKnownFileType = sourcecode.swift; path = TodayDinnerViewController.swift; sourceTree = "<group>"; };
		51331EEC2AC0A59D006CA899 /* TodayTableViewCell.swift */ = {isa = PBXFileReference; lastKnownFileType = sourcecode.swift; path = TodayTableViewCell.swift; sourceTree = "<group>"; };
		51331EEE2AC0A65A006CA899 /* TodayMealModel.swift */ = {isa = PBXFileReference; lastKnownFileType = sourcecode.swift; path = TodayMealModel.swift; sourceTree = "<group>"; };
		51331EF02AC0AC2B006CA899 /* TagButton.swift */ = {isa = PBXFileReference; lastKnownFileType = sourcecode.swift; path = TagButton.swift; sourceTree = "<group>"; };
		51383F132AC2C9F200866891 /* MypageTableView.swift */ = {isa = PBXFileReference; lastKnownFileType = sourcecode.swift; path = MypageTableView.swift; sourceTree = "<group>"; };
		51383F152AC2CA0700866891 /* MypageTableViewCell.swift */ = {isa = PBXFileReference; lastKnownFileType = sourcecode.swift; path = MypageTableViewCell.swift; sourceTree = "<group>"; };
		51383F172AC2CB6300866891 /* MypageModel.swift */ = {isa = PBXFileReference; lastKnownFileType = sourcecode.swift; path = MypageModel.swift; sourceTree = "<group>"; };
		5148073C2AC40C7000A96879 /* WeekdayView.swift */ = {isa = PBXFileReference; lastKnownFileType = sourcecode.swift; path = WeekdayView.swift; sourceTree = "<group>"; };
		515736C82AD520FE0061F0B2 /* ServerErrorMealView.swift */ = {isa = PBXFileReference; lastKnownFileType = sourcecode.swift; path = ServerErrorMealView.swift; sourceTree = "<group>"; };
		515736CA2AD523DA0061F0B2 /* CustomActivityIndicatorView.swift */ = {isa = PBXFileReference; lastKnownFileType = sourcecode.swift; path = CustomActivityIndicatorView.swift; sourceTree = "<group>"; };
		515736CE2AD52CC60061F0B2 /* SplashVideo.mp4.mp4 */ = {isa = PBXFileReference; lastKnownFileType = file; path = SplashVideo.mp4.mp4; sourceTree = "<group>"; };
		515736CF2AD52DDF0061F0B2 /* SplashViewController.swift */ = {isa = PBXFileReference; lastKnownFileType = sourcecode.swift; path = SplashViewController.swift; sourceTree = "<group>"; };
		515A20312AF007EB00DD08B3 /* TermsViewController.swift */ = {isa = PBXFileReference; lastKnownFileType = sourcecode.swift; path = TermsViewController.swift; sourceTree = "<group>"; };
		515A20332AF00BFB00DD08B3 /* TermsModel.swift */ = {isa = PBXFileReference; lastKnownFileType = sourcecode.swift; path = TermsModel.swift; sourceTree = "<group>"; };
		516380A42AC5488C00F09F12 /* WeekViewTabBarController.swift */ = {isa = PBXFileReference; lastKnownFileType = sourcecode.swift; path = WeekViewTabBarController.swift; sourceTree = "<group>"; };
		516380A62AC5494100F09F12 /* MenuReportViewController.swift */ = {isa = PBXFileReference; lastKnownFileType = sourcecode.swift; path = MenuReportViewController.swift; sourceTree = "<group>"; };
		516380A82AC5507800F09F12 /* WhiteView.swift */ = {isa = PBXFileReference; lastKnownFileType = sourcecode.swift; path = WhiteView.swift; sourceTree = "<group>"; };
		516491D22AD3D34F00AC48F7 /* InquiryViewController.swift */ = {isa = PBXFileReference; lastKnownFileType = sourcecode.swift; path = InquiryViewController.swift; sourceTree = "<group>"; };
		517B66012ACC39830086E14A /* ThuesViewController.swift */ = {isa = PBXFileReference; lastKnownFileType = sourcecode.swift; path = ThuesViewController.swift; sourceTree = "<group>"; };
		517B66032ACC39B70086E14A /* WednsViewController.swift */ = {isa = PBXFileReference; lastKnownFileType = sourcecode.swift; path = WednsViewController.swift; sourceTree = "<group>"; };
		517B66052ACC39DF0086E14A /* ThursViewController.swift */ = {isa = PBXFileReference; lastKnownFileType = sourcecode.swift; path = ThursViewController.swift; sourceTree = "<group>"; };
		517B66072ACC39FA0086E14A /* FriViewController.swift */ = {isa = PBXFileReference; lastKnownFileType = sourcecode.swift; path = FriViewController.swift; sourceTree = "<group>"; };
		517EAB1E2AC708CB0059ED4C /* WeekMorningTableView.swift */ = {isa = PBXFileReference; lastKnownFileType = sourcecode.swift; path = WeekMorningTableView.swift; sourceTree = "<group>"; };
		517EAB202AC708FD0059ED4C /* WeekLunchTableView.swift */ = {isa = PBXFileReference; lastKnownFileType = sourcecode.swift; path = WeekLunchTableView.swift; sourceTree = "<group>"; };
		517EAB222AC709050059ED4C /* WeekDinnerTableView.swift */ = {isa = PBXFileReference; lastKnownFileType = sourcecode.swift; path = WeekDinnerTableView.swift; sourceTree = "<group>"; };
		517EAB242AC70B130059ED4C /* WeekTableViewCell.swift */ = {isa = PBXFileReference; lastKnownFileType = sourcecode.swift; path = WeekTableViewCell.swift; sourceTree = "<group>"; };
		517EAB292AC751970059ED4C /* MondayViewController.swift */ = {isa = PBXFileReference; lastKnownFileType = sourcecode.swift; path = MondayViewController.swift; sourceTree = "<group>"; };
		51869B942AF258C5005B1E14 /* DeviceManager.swift */ = {isa = PBXFileReference; lastKnownFileType = sourcecode.swift; path = DeviceManager.swift; sourceTree = "<group>"; };
		51D6DB582AEC105B005767BA /* EmptyTodayMealView.swift */ = {isa = PBXFileReference; lastKnownFileType = sourcecode.swift; path = EmptyTodayMealView.swift; sourceTree = "<group>"; };
		51E7BF952AD446890032AE72 /* VersionViewController.swift */ = {isa = PBXFileReference; lastKnownFileType = sourcecode.swift; path = VersionViewController.swift; sourceTree = "<group>"; };
		51E8053C2AD16812008D83B9 /* SplashVC.swift */ = {isa = PBXFileReference; lastKnownFileType = sourcecode.swift; path = SplashVC.swift; sourceTree = "<group>"; };
		51E8053F2AD1959F008D83B9 /* WeekMealModel.swift */ = {isa = PBXFileReference; lastKnownFileType = sourcecode.swift; path = WeekMealModel.swift; sourceTree = "<group>"; };
		51E805412AD19763008D83B9 /* Manager.swift */ = {isa = PBXFileReference; lastKnownFileType = sourcecode.swift; path = Manager.swift; sourceTree = "<group>"; };
/* End PBXFileReference section */

/* Begin PBXFrameworksBuildPhase section */
		51331E842AC02AA1006CA899 /* Frameworks */ = {
			isa = PBXFrameworksBuildPhase;
			buildActionMask = 2147483647;
			files = (
				51331EE32AC0633A006CA899 /* Tabman in Frameworks */,
				51E399622ACFD82200EC6ECE /* Alamofire in Frameworks */,
			);
			runOnlyForDeploymentPostprocessing = 0;
		};
		51331E9A2AC02AA2006CA899 /* Frameworks */ = {
			isa = PBXFrameworksBuildPhase;
			buildActionMask = 2147483647;
			files = (
			);
			runOnlyForDeploymentPostprocessing = 0;
		};
		51331EA42AC02AA2006CA899 /* Frameworks */ = {
			isa = PBXFrameworksBuildPhase;
			buildActionMask = 2147483647;
			files = (
			);
			runOnlyForDeploymentPostprocessing = 0;
		};
/* End PBXFrameworksBuildPhase section */

/* Begin PBXGroup section */
		51331E7E2AC02AA0006CA899 = {
			isa = PBXGroup;
			children = (
				51331E892AC02AA1006CA899 /* SWU_MEAL */,
				51331EA02AC02AA2006CA899 /* SWU_MEALTests */,
				51331EAA2AC02AA2006CA899 /* SWU_MEALUITests */,
				51331E882AC02AA1006CA899 /* Products */,
			);
			sourceTree = "<group>";
		};
		51331E882AC02AA1006CA899 /* Products */ = {
			isa = PBXGroup;
			children = (
				51331E872AC02AA1006CA899 /* SWU_MEAL.app */,
				51331E9D2AC02AA2006CA899 /* SWU_MEALTests.xctest */,
				51331EA72AC02AA2006CA899 /* SWU_MEALUITests.xctest */,
			);
			name = Products;
			sourceTree = "<group>";
		};
		51331E892AC02AA1006CA899 /* SWU_MEAL */ = {
			isa = PBXGroup;
			children = (
				515736CC2AD52CA10061F0B2 /* VideoPlayer */,
				51331E8A2AC02AA1006CA899 /* AppDelegate.swift */,
				51331E8C2AC02AA1006CA899 /* SceneDelegate.swift */,
				51331ED72AC05136006CA899 /* UhBeeSe_hyun */,
				51E8053E2AD19581008D83B9 /* Manager */,
				51331ECA2AC04B6B006CA899 /* Component */,
				51331EC62AC04B27006CA899 /* Extension+ */,
				51E8053B2AD16802008D83B9 /* Splash */,
				51331EBD2AC04A3B006CA899 /* 탭바 */,
				51331EBC2AC047B7006CA899 /* 오늘의슈밥 */,
				51331EC02AC04A90006CA899 /* 이번주슈밥 */,
				51331EC12AC04AA1006CA899 /* 마이페이지 */,
				51331E932AC02AA2006CA899 /* Assets.xcassets */,
				51331E952AC02AA2006CA899 /* LaunchScreen.storyboard */,
				51331E982AC02AA2006CA899 /* Info.plist */,
			);
			path = SWU_MEAL;
			sourceTree = "<group>";
		};
		51331EA02AC02AA2006CA899 /* SWU_MEALTests */ = {
			isa = PBXGroup;
			children = (
				51331EA12AC02AA2006CA899 /* SWU_MEALTests.swift */,
			);
			path = SWU_MEALTests;
			sourceTree = "<group>";
		};
		51331EAA2AC02AA2006CA899 /* SWU_MEALUITests */ = {
			isa = PBXGroup;
			children = (
				51331EAB2AC02AA2006CA899 /* SWU_MEALUITests.swift */,
				51331EAD2AC02AA2006CA899 /* SWU_MEALUITestsLaunchTests.swift */,
			);
			path = SWU_MEALUITests;
			sourceTree = "<group>";
		};
		51331EBC2AC047B7006CA899 /* 오늘의슈밥 */ = {
			isa = PBXGroup;
			children = (
				51331EDF2AC052BA006CA899 /* TodayTabBarController.swift */,
				51331EBA2AC047B4006CA899 /* TodayViewController.swift */,
				5148073E2AC41A6200A96879 /* Views */,
				51331EDE2AC0528D006CA899 /* 석식 */,
				51331EDD2AC05284006CA899 /* 중식 */,
				51331EDC2AC05211006CA899 /* 조식 */,
			);
			name = "오늘의슈밥";
			path = "오늘의슈밥";
			sourceTree = "<group>";
		};
		51331EBD2AC04A3B006CA899 /* 탭바 */ = {
			isa = PBXGroup;
			children = (
				51331EBE2AC04A68006CA899 /* TabBarController.swift */,
			);
			name = "탭바";
			path = "탭바";
			sourceTree = "<group>";
		};
		51331EC02AC04A90006CA899 /* 이번주슈밥 */ = {
			isa = PBXGroup;
			children = (
				51331EC22AC04AB7006CA899 /* WeekViewController.swift */,
				516380A62AC5494100F09F12 /* MenuReportViewController.swift */,
				516380AA2AC5507C00F09F12 /* View */,
				517EAB2B2AC7519B0059ED4C /* 탭바 */,
			);
			name = "이번주슈밥";
			path = "이번주슈밥";
			sourceTree = "<group>";
		};
		51331EC12AC04AA1006CA899 /* 마이페이지 */ = {
			isa = PBXGroup;
			children = (
				51331EC42AC04ABF006CA899 /* MyPageViewController.swift */,
				51E7BF952AD446890032AE72 /* VersionViewController.swift */,
				516491D22AD3D34F00AC48F7 /* InquiryViewController.swift */,
				515A20312AF007EB00DD08B3 /* TermsViewController.swift */,
				516491D12AD3D31900AC48F7 /* Views */,
				516491D02AD3D31400AC48F7 /* Model */,
			);
			name = "마이페이지";
			path = "마이페이지";
			sourceTree = "<group>";
		};
		51331EC62AC04B27006CA899 /* Extension+ */ = {
			isa = PBXGroup;
			children = (
				51331ED02AC04BA7006CA899 /* Color+.swift */,
				51331ECF2AC04BA7006CA899 /* Extension+.swift */,
			);
			path = "Extension+";
			sourceTree = "<group>";
		};
		51331ECA2AC04B6B006CA899 /* Component */ = {
			isa = PBXGroup;
			children = (
				515736CA2AD523DA0061F0B2 /* CustomActivityIndicatorView.swift */,
				5108BAD92AD31EFE00A32BB7 /* EmptyMealView.swift */,
				515736C82AD520FE0061F0B2 /* ServerErrorMealView.swift */,
				516380A82AC5507800F09F12 /* WhiteView.swift */,
				51331ECB2AC04B85006CA899 /* CustomBackButton.swift */,
				51331ECC2AC04B85006CA899 /* DividerView.swift */,
				51331EF02AC0AC2B006CA899 /* TagButton.swift */,
				51D6DB582AEC105B005767BA /* EmptyTodayMealView.swift */,
			);
			path = Component;
			sourceTree = "<group>";
		};
		51331ED72AC05136006CA899 /* UhBeeSe_hyun */ = {
			isa = PBXGroup;
			children = (
				51331ED82AC05136006CA899 /* UhBee Se_hyun.ttf */,
				51331ED92AC05136006CA899 /* UhBee Se_hyun Bold.ttf */,
			);
			path = UhBeeSe_hyun;
			sourceTree = "<group>";
		};
		51331EDC2AC05211006CA899 /* 조식 */ = {
			isa = PBXGroup;
			children = (
				51331EE42AC06A33006CA899 /* TodayBreakfastViewController.swift */,
				511D534A2AC201C900A688F4 /* TodayBreakfastTableView.swift */,
			);
			name = "조식";
			path = "조식";
			sourceTree = "<group>";
		};
		51331EDD2AC05284006CA899 /* 중식 */ = {
			isa = PBXGroup;
			children = (
				511D533F2AC1F99E00A688F4 /* TodayLunchTableView.swift */,
				51331EE62AC06A76006CA899 /* TodayLunchViewController.swift */,
			);
			name = "중식";
			path = "중식";
			sourceTree = "<group>";
		};
		51331EDE2AC0528D006CA899 /* 석식 */ = {
			isa = PBXGroup;
			children = (
				51331EE82AC06A7E006CA899 /* TodayDinnerViewController.swift */,
				511D53432AC1FC5500A688F4 /* TodayDinnerTableView.swift */,
			);
			name = "석식";
			path = "석식";
			sourceTree = "<group>";
		};
		5148073E2AC41A6200A96879 /* Views */ = {
			isa = PBXGroup;
			children = (
				51331EEC2AC0A59D006CA899 /* TodayTableViewCell.swift */,
			);
			path = Views;
			sourceTree = "<group>";
		};
		515736CC2AD52CA10061F0B2 /* VideoPlayer */ = {
			isa = PBXGroup;
			children = (
				515736CE2AD52CC60061F0B2 /* SplashVideo.mp4.mp4 */,
			);
			path = VideoPlayer;
			sourceTree = "<group>";
		};
		516380AA2AC5507C00F09F12 /* View */ = {
			isa = PBXGroup;
			children = (
				5148073C2AC40C7000A96879 /* WeekdayView.swift */,
				517EAB262AC70C1E0059ED4C /* Model */,
			);
			path = View;
			sourceTree = "<group>";
		};
		516491D02AD3D31400AC48F7 /* Model */ = {
			isa = PBXGroup;
			children = (
				51383F172AC2CB6300866891 /* MypageModel.swift */,
			);
			path = Model;
			sourceTree = "<group>";
		};
		516491D12AD3D31900AC48F7 /* Views */ = {
			isa = PBXGroup;
			children = (
				51383F132AC2C9F200866891 /* MypageTableView.swift */,
				51383F152AC2CA0700866891 /* MypageTableViewCell.swift */,
			);
			path = Views;
			sourceTree = "<group>";
		};
		517EAB1D2AC707BD0059ED4C /* 테이블뷰 */ = {
			isa = PBXGroup;
			children = (
				517EAB1E2AC708CB0059ED4C /* WeekMorningTableView.swift */,
				517EAB202AC708FD0059ED4C /* WeekLunchTableView.swift */,
				517EAB222AC709050059ED4C /* WeekDinnerTableView.swift */,
				517EAB242AC70B130059ED4C /* WeekTableViewCell.swift */,
			);
			name = "테이블뷰";
			path = "테이블뷰";
			sourceTree = "<group>";
		};
		517EAB262AC70C1E0059ED4C /* Model */ = {
			isa = PBXGroup;
			children = (
				517EAB1D2AC707BD0059ED4C /* 테이블뷰 */,
			);
			path = Model;
			sourceTree = "<group>";
		};
		517EAB2B2AC7519B0059ED4C /* 탭바 */ = {
			isa = PBXGroup;
			children = (
				516380A42AC5488C00F09F12 /* WeekViewTabBarController.swift */,
				517EAB292AC751970059ED4C /* MondayViewController.swift */,
				517B66012ACC39830086E14A /* ThuesViewController.swift */,
				517B66032ACC39B70086E14A /* WednsViewController.swift */,
				517B66052ACC39DF0086E14A /* ThursViewController.swift */,
				517B66072ACC39FA0086E14A /* FriViewController.swift */,
			);
			name = "탭바";
			path = "탭바";
			sourceTree = "<group>";
		};
		51E8053B2AD16802008D83B9 /* Splash */ = {
			isa = PBXGroup;
			children = (
				51E8053C2AD16812008D83B9 /* SplashVC.swift */,
				515736CF2AD52DDF0061F0B2 /* SplashViewController.swift */,
			);
			path = Splash;
			sourceTree = "<group>";
		};
		51E8053E2AD19581008D83B9 /* Manager */ = {
			isa = PBXGroup;
			children = (
				515A20332AF00BFB00DD08B3 /* TermsModel.swift */,
				51331EEE2AC0A65A006CA899 /* TodayMealModel.swift */,
				51E8053F2AD1959F008D83B9 /* WeekMealModel.swift */,
				51869B942AF258C5005B1E14 /* DeviceManager.swift */,
				51E805412AD19763008D83B9 /* Manager.swift */,
			);
			path = Manager;
			sourceTree = "<group>";
		};
/* End PBXGroup section */

/* Begin PBXNativeTarget section */
		51331E862AC02AA1006CA899 /* SWU_MEAL */ = {
			isa = PBXNativeTarget;
			buildConfigurationList = 51331EB12AC02AA2006CA899 /* Build configuration list for PBXNativeTarget "SWU_MEAL" */;
			buildPhases = (
				51331E832AC02AA1006CA899 /* Sources */,
				51331E842AC02AA1006CA899 /* Frameworks */,
				51331E852AC02AA1006CA899 /* Resources */,
			);
			buildRules = (
			);
			dependencies = (
			);
			name = SWU_MEAL;
			packageProductDependencies = (
				51331EE22AC0633A006CA899 /* Tabman */,
				51E399612ACFD82200EC6ECE /* Alamofire */,
			);
			productName = SWU_MEAL;
			productReference = 51331E872AC02AA1006CA899 /* SWU_MEAL.app */;
			productType = "com.apple.product-type.application";
		};
		51331E9C2AC02AA2006CA899 /* SWU_MEALTests */ = {
			isa = PBXNativeTarget;
			buildConfigurationList = 51331EB42AC02AA2006CA899 /* Build configuration list for PBXNativeTarget "SWU_MEALTests" */;
			buildPhases = (
				51331E992AC02AA2006CA899 /* Sources */,
				51331E9A2AC02AA2006CA899 /* Frameworks */,
				51331E9B2AC02AA2006CA899 /* Resources */,
			);
			buildRules = (
			);
			dependencies = (
				51331E9F2AC02AA2006CA899 /* PBXTargetDependency */,
			);
			name = SWU_MEALTests;
			productName = SWU_MEALTests;
			productReference = 51331E9D2AC02AA2006CA899 /* SWU_MEALTests.xctest */;
			productType = "com.apple.product-type.bundle.unit-test";
		};
		51331EA62AC02AA2006CA899 /* SWU_MEALUITests */ = {
			isa = PBXNativeTarget;
			buildConfigurationList = 51331EB72AC02AA2006CA899 /* Build configuration list for PBXNativeTarget "SWU_MEALUITests" */;
			buildPhases = (
				51331EA32AC02AA2006CA899 /* Sources */,
				51331EA42AC02AA2006CA899 /* Frameworks */,
				51331EA52AC02AA2006CA899 /* Resources */,
			);
			buildRules = (
			);
			dependencies = (
				51331EA92AC02AA2006CA899 /* PBXTargetDependency */,
			);
			name = SWU_MEALUITests;
			productName = SWU_MEALUITests;
			productReference = 51331EA72AC02AA2006CA899 /* SWU_MEALUITests.xctest */;
			productType = "com.apple.product-type.bundle.ui-testing";
		};
/* End PBXNativeTarget section */

/* Begin PBXProject section */
		51331E7F2AC02AA1006CA899 /* Project object */ = {
			isa = PBXProject;
			attributes = {
				BuildIndependentTargetsInParallel = 1;
				LastSwiftUpdateCheck = 1430;
				LastUpgradeCheck = 1430;
				TargetAttributes = {
					51331E862AC02AA1006CA899 = {
						CreatedOnToolsVersion = 14.3.1;
					};
					51331E9C2AC02AA2006CA899 = {
						CreatedOnToolsVersion = 14.3.1;
						TestTargetID = 51331E862AC02AA1006CA899;
					};
					51331EA62AC02AA2006CA899 = {
						CreatedOnToolsVersion = 14.3.1;
						TestTargetID = 51331E862AC02AA1006CA899;
					};
				};
			};
			buildConfigurationList = 51331E822AC02AA1006CA899 /* Build configuration list for PBXProject "SWU_MEAL" */;
			compatibilityVersion = "Xcode 14.0";
			developmentRegion = en;
			hasScannedForEncodings = 0;
			knownRegions = (
				en,
				Base,
			);
			mainGroup = 51331E7E2AC02AA0006CA899;
			packageReferences = (
				51331EE12AC0633A006CA899 /* XCRemoteSwiftPackageReference "Tabman" */,
				51E399602ACFD82200EC6ECE /* XCRemoteSwiftPackageReference "Alamofire" */,
			);
			productRefGroup = 51331E882AC02AA1006CA899 /* Products */;
			projectDirPath = "";
			projectRoot = "";
			targets = (
				51331E862AC02AA1006CA899 /* SWU_MEAL */,
				51331E9C2AC02AA2006CA899 /* SWU_MEALTests */,
				51331EA62AC02AA2006CA899 /* SWU_MEALUITests */,
			);
		};
/* End PBXProject section */

/* Begin PBXResourcesBuildPhase section */
		51331E852AC02AA1006CA899 /* Resources */ = {
			isa = PBXResourcesBuildPhase;
			buildActionMask = 2147483647;
			files = (
				515736D12AD52E5F0061F0B2 /* SplashVideo.mp4.mp4 in Resources */,
				51331E972AC02AA2006CA899 /* LaunchScreen.storyboard in Resources */,
				51331E942AC02AA2006CA899 /* Assets.xcassets in Resources */,
				51331EDA2AC05136006CA899 /* UhBee Se_hyun.ttf in Resources */,
				51331EDB2AC05136006CA899 /* UhBee Se_hyun Bold.ttf in Resources */,
			);
			runOnlyForDeploymentPostprocessing = 0;
		};
		51331E9B2AC02AA2006CA899 /* Resources */ = {
			isa = PBXResourcesBuildPhase;
			buildActionMask = 2147483647;
			files = (
			);
			runOnlyForDeploymentPostprocessing = 0;
		};
		51331EA52AC02AA2006CA899 /* Resources */ = {
			isa = PBXResourcesBuildPhase;
			buildActionMask = 2147483647;
			files = (
			);
			runOnlyForDeploymentPostprocessing = 0;
		};
/* End PBXResourcesBuildPhase section */

/* Begin PBXSourcesBuildPhase section */
		51331E832AC02AA1006CA899 /* Sources */ = {
			isa = PBXSourcesBuildPhase;
			buildActionMask = 2147483647;
			files = (
				51869B952AF258C5005B1E14 /* DeviceManager.swift in Sources */,
				51331EF12AC0AC2B006CA899 /* TagButton.swift in Sources */,
				51D6DB592AEC105B005767BA /* EmptyTodayMealView.swift in Sources */,
				51331ECE2AC04B85006CA899 /* DividerView.swift in Sources */,
				51383F162AC2CA0700866891 /* MypageTableViewCell.swift in Sources */,
				51331EEF2AC0A65A006CA899 /* TodayMealModel.swift in Sources */,
				515736CB2AD523DA0061F0B2 /* CustomActivityIndicatorView.swift in Sources */,
				511D53402AC1F99E00A688F4 /* TodayLunchTableView.swift in Sources */,
				515A20342AF00BFB00DD08B3 /* TermsModel.swift in Sources */,
				51E8053D2AD16812008D83B9 /* SplashVC.swift in Sources */,
				51331ED42AC04BA7006CA899 /* Color+.swift in Sources */,
				51E805422AD19763008D83B9 /* Manager.swift in Sources */,
				511D53442AC1FC5500A688F4 /* TodayDinnerTableView.swift in Sources */,
				516380A72AC5494100F09F12 /* MenuReportViewController.swift in Sources */,
				51331EED2AC0A59D006CA899 /* TodayTableViewCell.swift in Sources */,
				51331ECD2AC04B85006CA899 /* CustomBackButton.swift in Sources */,
				517B66082ACC39FA0086E14A /* FriViewController.swift in Sources */,
				517B66042ACC39B70086E14A /* WednsViewController.swift in Sources */,
				51331EC32AC04AB7006CA899 /* WeekViewController.swift in Sources */,
				517B66022ACC39830086E14A /* ThuesViewController.swift in Sources */,
				511D534B2AC201C900A688F4 /* TodayBreakfastTableView.swift in Sources */,
				51331EC52AC04ABF006CA899 /* MyPageViewController.swift in Sources */,
				51331EBB2AC047B4006CA899 /* TodayViewController.swift in Sources */,
				517EAB212AC708FD0059ED4C /* WeekLunchTableView.swift in Sources */,
				516380A52AC5488C00F09F12 /* WeekViewTabBarController.swift in Sources */,
				517B66062ACC39DF0086E14A /* ThursViewController.swift in Sources */,
				516380A92AC5507800F09F12 /* WhiteView.swift in Sources */,
				5148073D2AC40C7000A96879 /* WeekdayView.swift in Sources */,
				51331EE52AC06A33006CA899 /* TodayBreakfastViewController.swift in Sources */,
				51E805402AD1959F008D83B9 /* WeekMealModel.swift in Sources */,
				517EAB232AC709050059ED4C /* WeekDinnerTableView.swift in Sources */,
				517EAB1F2AC708CB0059ED4C /* WeekMorningTableView.swift in Sources */,
				51383F142AC2C9F200866891 /* MypageTableView.swift in Sources */,
				51331EBF2AC04A68006CA899 /* TabBarController.swift in Sources */,
				51331E8B2AC02AA1006CA899 /* AppDelegate.swift in Sources */,
				5108BADA2AD31EFE00A32BB7 /* EmptyMealView.swift in Sources */,
				51331EE92AC06A7E006CA899 /* TodayDinnerViewController.swift in Sources */,
				515A20322AF007EB00DD08B3 /* TermsViewController.swift in Sources */,
				51383F182AC2CB6300866891 /* MypageModel.swift in Sources */,
				51E7BF962AD446890032AE72 /* VersionViewController.swift in Sources */,
				51331EE02AC052BA006CA899 /* TodayTabBarController.swift in Sources */,
				517EAB252AC70B130059ED4C /* WeekTableViewCell.swift in Sources */,
				517EAB2A2AC751970059ED4C /* MondayViewController.swift in Sources */,
				515736D02AD52DDF0061F0B2 /* SplashViewController.swift in Sources */,
				515736C92AD520FE0061F0B2 /* ServerErrorMealView.swift in Sources */,
				51331E8D2AC02AA1006CA899 /* SceneDelegate.swift in Sources */,
				51331EE72AC06A76006CA899 /* TodayLunchViewController.swift in Sources */,
				51331ED32AC04BA7006CA899 /* Extension+.swift in Sources */,
				516491D32AD3D34F00AC48F7 /* InquiryViewController.swift in Sources */,
			);
			runOnlyForDeploymentPostprocessing = 0;
		};
		51331E992AC02AA2006CA899 /* Sources */ = {
			isa = PBXSourcesBuildPhase;
			buildActionMask = 2147483647;
			files = (
				51331EA22AC02AA2006CA899 /* SWU_MEALTests.swift in Sources */,
			);
			runOnlyForDeploymentPostprocessing = 0;
		};
		51331EA32AC02AA2006CA899 /* Sources */ = {
			isa = PBXSourcesBuildPhase;
			buildActionMask = 2147483647;
			files = (
				51331EAE2AC02AA2006CA899 /* SWU_MEALUITestsLaunchTests.swift in Sources */,
				51331EAC2AC02AA2006CA899 /* SWU_MEALUITests.swift in Sources */,
			);
			runOnlyForDeploymentPostprocessing = 0;
		};
/* End PBXSourcesBuildPhase section */

/* Begin PBXTargetDependency section */
		51331E9F2AC02AA2006CA899 /* PBXTargetDependency */ = {
			isa = PBXTargetDependency;
			target = 51331E862AC02AA1006CA899 /* SWU_MEAL */;
			targetProxy = 51331E9E2AC02AA2006CA899 /* PBXContainerItemProxy */;
		};
		51331EA92AC02AA2006CA899 /* PBXTargetDependency */ = {
			isa = PBXTargetDependency;
			target = 51331E862AC02AA1006CA899 /* SWU_MEAL */;
			targetProxy = 51331EA82AC02AA2006CA899 /* PBXContainerItemProxy */;
		};
/* End PBXTargetDependency section */

/* Begin PBXVariantGroup section */
		51331E952AC02AA2006CA899 /* LaunchScreen.storyboard */ = {
			isa = PBXVariantGroup;
			children = (
				51331E962AC02AA2006CA899 /* Base */,
			);
			name = LaunchScreen.storyboard;
			sourceTree = "<group>";
		};
/* End PBXVariantGroup section */

/* Begin XCBuildConfiguration section */
		51331EAF2AC02AA2006CA899 /* Debug */ = {
			isa = XCBuildConfiguration;
			buildSettings = {
				ALWAYS_SEARCH_USER_PATHS = NO;
				CLANG_ANALYZER_NONNULL = YES;
				CLANG_ANALYZER_NUMBER_OBJECT_CONVERSION = YES_AGGRESSIVE;
				CLANG_CXX_LANGUAGE_STANDARD = "gnu++20";
				CLANG_ENABLE_MODULES = YES;
				CLANG_ENABLE_OBJC_ARC = YES;
				CLANG_ENABLE_OBJC_WEAK = YES;
				CLANG_WARN_BLOCK_CAPTURE_AUTORELEASING = YES;
				CLANG_WARN_BOOL_CONVERSION = YES;
				CLANG_WARN_COMMA = YES;
				CLANG_WARN_CONSTANT_CONVERSION = YES;
				CLANG_WARN_DEPRECATED_OBJC_IMPLEMENTATIONS = YES;
				CLANG_WARN_DIRECT_OBJC_ISA_USAGE = YES_ERROR;
				CLANG_WARN_DOCUMENTATION_COMMENTS = YES;
				CLANG_WARN_EMPTY_BODY = YES;
				CLANG_WARN_ENUM_CONVERSION = YES;
				CLANG_WARN_INFINITE_RECURSION = YES;
				CLANG_WARN_INT_CONVERSION = YES;
				CLANG_WARN_NON_LITERAL_NULL_CONVERSION = YES;
				CLANG_WARN_OBJC_IMPLICIT_RETAIN_SELF = YES;
				CLANG_WARN_OBJC_LITERAL_CONVERSION = YES;
				CLANG_WARN_OBJC_ROOT_CLASS = YES_ERROR;
				CLANG_WARN_QUOTED_INCLUDE_IN_FRAMEWORK_HEADER = YES;
				CLANG_WARN_RANGE_LOOP_ANALYSIS = YES;
				CLANG_WARN_STRICT_PROTOTYPES = YES;
				CLANG_WARN_SUSPICIOUS_MOVE = YES;
				CLANG_WARN_UNGUARDED_AVAILABILITY = YES_AGGRESSIVE;
				CLANG_WARN_UNREACHABLE_CODE = YES;
				CLANG_WARN__DUPLICATE_METHOD_MATCH = YES;
				COPY_PHASE_STRIP = NO;
				DEBUG_INFORMATION_FORMAT = dwarf;
				ENABLE_STRICT_OBJC_MSGSEND = YES;
				ENABLE_TESTABILITY = YES;
				GCC_C_LANGUAGE_STANDARD = gnu11;
				GCC_DYNAMIC_NO_PIC = NO;
				GCC_NO_COMMON_BLOCKS = YES;
				GCC_OPTIMIZATION_LEVEL = 0;
				GCC_PREPROCESSOR_DEFINITIONS = (
					"DEBUG=1",
					"$(inherited)",
				);
				GCC_WARN_64_TO_32_BIT_CONVERSION = YES;
				GCC_WARN_ABOUT_RETURN_TYPE = YES_ERROR;
				GCC_WARN_UNDECLARED_SELECTOR = YES;
				GCC_WARN_UNINITIALIZED_AUTOS = YES_AGGRESSIVE;
				GCC_WARN_UNUSED_FUNCTION = YES;
				GCC_WARN_UNUSED_VARIABLE = YES;
				IPHONEOS_DEPLOYMENT_TARGET = 16.4;
				MTL_ENABLE_DEBUG_INFO = INCLUDE_SOURCE;
				MTL_FAST_MATH = YES;
				ONLY_ACTIVE_ARCH = YES;
				SDKROOT = iphoneos;
				SWIFT_ACTIVE_COMPILATION_CONDITIONS = DEBUG;
				SWIFT_OPTIMIZATION_LEVEL = "-Onone";
			};
			name = Debug;
		};
		51331EB02AC02AA2006CA899 /* Release */ = {
			isa = XCBuildConfiguration;
			buildSettings = {
				ALWAYS_SEARCH_USER_PATHS = NO;
				CLANG_ANALYZER_NONNULL = YES;
				CLANG_ANALYZER_NUMBER_OBJECT_CONVERSION = YES_AGGRESSIVE;
				CLANG_CXX_LANGUAGE_STANDARD = "gnu++20";
				CLANG_ENABLE_MODULES = YES;
				CLANG_ENABLE_OBJC_ARC = YES;
				CLANG_ENABLE_OBJC_WEAK = YES;
				CLANG_WARN_BLOCK_CAPTURE_AUTORELEASING = YES;
				CLANG_WARN_BOOL_CONVERSION = YES;
				CLANG_WARN_COMMA = YES;
				CLANG_WARN_CONSTANT_CONVERSION = YES;
				CLANG_WARN_DEPRECATED_OBJC_IMPLEMENTATIONS = YES;
				CLANG_WARN_DIRECT_OBJC_ISA_USAGE = YES_ERROR;
				CLANG_WARN_DOCUMENTATION_COMMENTS = YES;
				CLANG_WARN_EMPTY_BODY = YES;
				CLANG_WARN_ENUM_CONVERSION = YES;
				CLANG_WARN_INFINITE_RECURSION = YES;
				CLANG_WARN_INT_CONVERSION = YES;
				CLANG_WARN_NON_LITERAL_NULL_CONVERSION = YES;
				CLANG_WARN_OBJC_IMPLICIT_RETAIN_SELF = YES;
				CLANG_WARN_OBJC_LITERAL_CONVERSION = YES;
				CLANG_WARN_OBJC_ROOT_CLASS = YES_ERROR;
				CLANG_WARN_QUOTED_INCLUDE_IN_FRAMEWORK_HEADER = YES;
				CLANG_WARN_RANGE_LOOP_ANALYSIS = YES;
				CLANG_WARN_STRICT_PROTOTYPES = YES;
				CLANG_WARN_SUSPICIOUS_MOVE = YES;
				CLANG_WARN_UNGUARDED_AVAILABILITY = YES_AGGRESSIVE;
				CLANG_WARN_UNREACHABLE_CODE = YES;
				CLANG_WARN__DUPLICATE_METHOD_MATCH = YES;
				COPY_PHASE_STRIP = NO;
				DEBUG_INFORMATION_FORMAT = "dwarf-with-dsym";
				ENABLE_NS_ASSERTIONS = NO;
				ENABLE_STRICT_OBJC_MSGSEND = YES;
				GCC_C_LANGUAGE_STANDARD = gnu11;
				GCC_NO_COMMON_BLOCKS = YES;
				GCC_WARN_64_TO_32_BIT_CONVERSION = YES;
				GCC_WARN_ABOUT_RETURN_TYPE = YES_ERROR;
				GCC_WARN_UNDECLARED_SELECTOR = YES;
				GCC_WARN_UNINITIALIZED_AUTOS = YES_AGGRESSIVE;
				GCC_WARN_UNUSED_FUNCTION = YES;
				GCC_WARN_UNUSED_VARIABLE = YES;
				IPHONEOS_DEPLOYMENT_TARGET = 16.4;
				MTL_ENABLE_DEBUG_INFO = NO;
				MTL_FAST_MATH = YES;
				SDKROOT = iphoneos;
				SWIFT_COMPILATION_MODE = wholemodule;
				SWIFT_OPTIMIZATION_LEVEL = "-O";
				VALIDATE_PRODUCT = YES;
			};
			name = Release;
		};
		51331EB22AC02AA2006CA899 /* Debug */ = {
			isa = XCBuildConfiguration;
			buildSettings = {
				ASSETCATALOG_COMPILER_APPICON_NAME = AppIcon;
				ASSETCATALOG_COMPILER_GLOBAL_ACCENT_COLOR_NAME = AccentColor;
				CODE_SIGN_STYLE = Automatic;
				CURRENT_PROJECT_VERSION = 3;
				DEVELOPMENT_TEAM = 4Q9XG9F7CU;
				GENERATE_INFOPLIST_FILE = YES;
				INFOPLIST_FILE = SWU_MEAL/Info.plist;
				INFOPLIST_KEY_UIApplicationSupportsIndirectInputEvents = YES;
				INFOPLIST_KEY_UILaunchStoryboardName = LaunchScreen;
				INFOPLIST_KEY_UISupportedInterfaceOrientations_iPad = "UIInterfaceOrientationPortrait UIInterfaceOrientationPortraitUpsideDown UIInterfaceOrientationLandscapeLeft UIInterfaceOrientationLandscapeRight";
				INFOPLIST_KEY_UISupportedInterfaceOrientations_iPhone = "UIInterfaceOrientationPortrait UIInterfaceOrientationLandscapeLeft UIInterfaceOrientationLandscapeRight";
				IPHONEOS_DEPLOYMENT_TARGET = 14.0;
				LD_RUNPATH_SEARCH_PATHS = (
					"$(inherited)",
					"@executable_path/Frameworks",
				);
				MARKETING_VERSION = 1.2;
				PRODUCT_BUNDLE_IDENTIFIER = "com.MJA.SWU-MEAL";
				PRODUCT_NAME = "$(TARGET_NAME)";
				SUPPORTED_PLATFORMS = "iphoneos iphonesimulator";
				SUPPORTS_MACCATALYST = NO;
				SUPPORTS_MAC_DESIGNED_FOR_IPHONE_IPAD = NO;
				SWIFT_EMIT_LOC_STRINGS = YES;
				SWIFT_VERSION = 5.0;
				TARGETED_DEVICE_FAMILY = 1;
			};
			name = Debug;
		};
		51331EB32AC02AA2006CA899 /* Release */ = {
			isa = XCBuildConfiguration;
			buildSettings = {
				ASSETCATALOG_COMPILER_APPICON_NAME = AppIcon;
				ASSETCATALOG_COMPILER_GLOBAL_ACCENT_COLOR_NAME = AccentColor;
				CODE_SIGN_STYLE = Automatic;
				CURRENT_PROJECT_VERSION = 3;
				DEVELOPMENT_TEAM = 4Q9XG9F7CU;
				GENERATE_INFOPLIST_FILE = YES;
				INFOPLIST_FILE = SWU_MEAL/Info.plist;
				INFOPLIST_KEY_UIApplicationSupportsIndirectInputEvents = YES;
				INFOPLIST_KEY_UILaunchStoryboardName = LaunchScreen;
				INFOPLIST_KEY_UISupportedInterfaceOrientations_iPad = "UIInterfaceOrientationPortrait UIInterfaceOrientationPortraitUpsideDown UIInterfaceOrientationLandscapeLeft UIInterfaceOrientationLandscapeRight";
				INFOPLIST_KEY_UISupportedInterfaceOrientations_iPhone = "UIInterfaceOrientationPortrait UIInterfaceOrientationLandscapeLeft UIInterfaceOrientationLandscapeRight";
				IPHONEOS_DEPLOYMENT_TARGET = 14.0;
				LD_RUNPATH_SEARCH_PATHS = (
					"$(inherited)",
					"@executable_path/Frameworks",
				);
				MARKETING_VERSION = 1.2;
				PRODUCT_BUNDLE_IDENTIFIER = "com.MJA.SWU-MEAL";
				PRODUCT_NAME = "$(TARGET_NAME)";
				SUPPORTED_PLATFORMS = "iphoneos iphonesimulator";
				SUPPORTS_MACCATALYST = NO;
				SUPPORTS_MAC_DESIGNED_FOR_IPHONE_IPAD = NO;
				SWIFT_EMIT_LOC_STRINGS = YES;
				SWIFT_VERSION = 5.0;
				TARGETED_DEVICE_FAMILY = 1;
			};
			name = Release;
		};
		51331EB52AC02AA2006CA899 /* Debug */ = {
			isa = XCBuildConfiguration;
			buildSettings = {
				ALWAYS_EMBED_SWIFT_STANDARD_LIBRARIES = YES;
				BUNDLE_LOADER = "$(TEST_HOST)";
				CODE_SIGN_STYLE = Automatic;
				CURRENT_PROJECT_VERSION = 1;
				DEVELOPMENT_TEAM = 4Q9XG9F7CU;
				GENERATE_INFOPLIST_FILE = YES;
				IPHONEOS_DEPLOYMENT_TARGET = 16.4;
				MARKETING_VERSION = 1.0;
				PRODUCT_BUNDLE_IDENTIFIER = "com.MJA.SWU-MEALTests";
				PRODUCT_NAME = "$(TARGET_NAME)";
				SWIFT_EMIT_LOC_STRINGS = NO;
				SWIFT_VERSION = 5.0;
				TARGETED_DEVICE_FAMILY = "1,2";
				TEST_HOST = "$(BUILT_PRODUCTS_DIR)/SWU_MEAL.app/$(BUNDLE_EXECUTABLE_FOLDER_PATH)/SWU_MEAL";
			};
			name = Debug;
		};
		51331EB62AC02AA2006CA899 /* Release */ = {
			isa = XCBuildConfiguration;
			buildSettings = {
				ALWAYS_EMBED_SWIFT_STANDARD_LIBRARIES = YES;
				BUNDLE_LOADER = "$(TEST_HOST)";
				CODE_SIGN_STYLE = Automatic;
				CURRENT_PROJECT_VERSION = 1;
				DEVELOPMENT_TEAM = 4Q9XG9F7CU;
				GENERATE_INFOPLIST_FILE = YES;
				IPHONEOS_DEPLOYMENT_TARGET = 16.4;
				MARKETING_VERSION = 1.0;
				PRODUCT_BUNDLE_IDENTIFIER = "com.MJA.SWU-MEALTests";
				PRODUCT_NAME = "$(TARGET_NAME)";
				SWIFT_EMIT_LOC_STRINGS = NO;
				SWIFT_VERSION = 5.0;
				TARGETED_DEVICE_FAMILY = "1,2";
				TEST_HOST = "$(BUILT_PRODUCTS_DIR)/SWU_MEAL.app/$(BUNDLE_EXECUTABLE_FOLDER_PATH)/SWU_MEAL";
			};
			name = Release;
		};
		51331EB82AC02AA2006CA899 /* Debug */ = {
			isa = XCBuildConfiguration;
			buildSettings = {
				ALWAYS_EMBED_SWIFT_STANDARD_LIBRARIES = YES;
				CODE_SIGN_STYLE = Automatic;
				CURRENT_PROJECT_VERSION = 1;
				DEVELOPMENT_TEAM = 4Q9XG9F7CU;
				GENERATE_INFOPLIST_FILE = YES;
				MARKETING_VERSION = 1.0;
				PRODUCT_BUNDLE_IDENTIFIER = "com.MJA.SWU-MEALUITests";
				PRODUCT_NAME = "$(TARGET_NAME)";
				SWIFT_EMIT_LOC_STRINGS = NO;
				SWIFT_VERSION = 5.0;
				TARGETED_DEVICE_FAMILY = "1,2";
				TEST_TARGET_NAME = SWU_MEAL;
			};
			name = Debug;
		};
		51331EB92AC02AA2006CA899 /* Release */ = {
			isa = XCBuildConfiguration;
			buildSettings = {
				ALWAYS_EMBED_SWIFT_STANDARD_LIBRARIES = YES;
				CODE_SIGN_STYLE = Automatic;
				CURRENT_PROJECT_VERSION = 1;
				DEVELOPMENT_TEAM = 4Q9XG9F7CU;
				GENERATE_INFOPLIST_FILE = YES;
				MARKETING_VERSION = 1.0;
				PRODUCT_BUNDLE_IDENTIFIER = "com.MJA.SWU-MEALUITests";
				PRODUCT_NAME = "$(TARGET_NAME)";
				SWIFT_EMIT_LOC_STRINGS = NO;
				SWIFT_VERSION = 5.0;
				TARGETED_DEVICE_FAMILY = "1,2";
				TEST_TARGET_NAME = SWU_MEAL;
			};
			name = Release;
		};
/* End XCBuildConfiguration section */

/* Begin XCConfigurationList section */
		51331E822AC02AA1006CA899 /* Build configuration list for PBXProject "SWU_MEAL" */ = {
			isa = XCConfigurationList;
			buildConfigurations = (
				51331EAF2AC02AA2006CA899 /* Debug */,
				51331EB02AC02AA2006CA899 /* Release */,
			);
			defaultConfigurationIsVisible = 0;
			defaultConfigurationName = Release;
		};
		51331EB12AC02AA2006CA899 /* Build configuration list for PBXNativeTarget "SWU_MEAL" */ = {
			isa = XCConfigurationList;
			buildConfigurations = (
				51331EB22AC02AA2006CA899 /* Debug */,
				51331EB32AC02AA2006CA899 /* Release */,
			);
			defaultConfigurationIsVisible = 0;
			defaultConfigurationName = Release;
		};
		51331EB42AC02AA2006CA899 /* Build configuration list for PBXNativeTarget "SWU_MEALTests" */ = {
			isa = XCConfigurationList;
			buildConfigurations = (
				51331EB52AC02AA2006CA899 /* Debug */,
				51331EB62AC02AA2006CA899 /* Release */,
			);
			defaultConfigurationIsVisible = 0;
			defaultConfigurationName = Release;
		};
		51331EB72AC02AA2006CA899 /* Build configuration list for PBXNativeTarget "SWU_MEALUITests" */ = {
			isa = XCConfigurationList;
			buildConfigurations = (
				51331EB82AC02AA2006CA899 /* Debug */,
				51331EB92AC02AA2006CA899 /* Release */,
			);
			defaultConfigurationIsVisible = 0;
			defaultConfigurationName = Release;
		};
/* End XCConfigurationList section */

/* Begin XCRemoteSwiftPackageReference section */
		51331EE12AC0633A006CA899 /* XCRemoteSwiftPackageReference "Tabman" */ = {
			isa = XCRemoteSwiftPackageReference;
			repositoryURL = "https://github.com/uias/Tabman";
			requirement = {
				kind = upToNextMajorVersion;
				minimumVersion = 3.0.0;
			};
		};
		51E399602ACFD82200EC6ECE /* XCRemoteSwiftPackageReference "Alamofire" */ = {
			isa = XCRemoteSwiftPackageReference;
			repositoryURL = "https://github.com/Alamofire/Alamofire";
			requirement = {
				kind = upToNextMajorVersion;
				minimumVersion = 5.8.0;
			};
		};
/* End XCRemoteSwiftPackageReference section */

/* Begin XCSwiftPackageProductDependency section */
		51331EE22AC0633A006CA899 /* Tabman */ = {
			isa = XCSwiftPackageProductDependency;
			package = 51331EE12AC0633A006CA899 /* XCRemoteSwiftPackageReference "Tabman" */;
			productName = Tabman;
		};
		51E399612ACFD82200EC6ECE /* Alamofire */ = {
			isa = XCSwiftPackageProductDependency;
			package = 51E399602ACFD82200EC6ECE /* XCRemoteSwiftPackageReference "Alamofire" */;
			productName = Alamofire;
		};
/* End XCSwiftPackageProductDependency section */
	};
	rootObject = 51331E7F2AC02AA1006CA899 /* Project object */;
}
